// !$*UTF8*$!
{
	archiveVersion = 1;
	classes = {
	};
	objectVersion = 55;
	objects = {

/* Begin PBXBuildFile section */
		AA057F692856E5BE00B9FAFA /* UDC Judge.mlmodelc in Resources */ = {isa = PBXBuildFile; fileRef = AA057F682856E5BE00B9FAFA /* UDC Judge.mlmodelc */; };
		AA1B82ED2853D9C800C6A192 /* SettingsView.swift in Sources */ = {isa = PBXBuildFile; fileRef = AA1B82EA2853D9C800C6A192 /* SettingsView.swift */; };
		AA1B82EE2853D9C800C6A192 /* LicensingDetailView.swift in Sources */ = {isa = PBXBuildFile; fileRef = AA1B82EB2853D9C800C6A192 /* LicensingDetailView.swift */; };
		AA1B82EF2853D9C800C6A192 /* LicensingView.swift in Sources */ = {isa = PBXBuildFile; fileRef = AA1B82EC2853D9C800C6A192 /* LicensingView.swift */; };
		AA215EF728341F0100D614DD /* Drawing Judge II.mlmodelc in Resources */ = {isa = PBXBuildFile; fileRef = AA215EF628341F0100D614DD /* Drawing Judge II.mlmodelc */; };
		AA215EF928341FB700D614DD /* Drawing Judge.mlmodelc in Resources */ = {isa = PBXBuildFile; fileRef = AA215EF828341FB700D614DD /* Drawing Judge.mlmodelc */; };
		AA6835D9283F386A0024B859 /* SeededGenerator.swift in Sources */ = {isa = PBXBuildFile; fileRef = AA6835D8283F386A0024B859 /* SeededGenerator.swift */; };
		AA6835DB283F3C630024B859 /* MatchRules.swift in Sources */ = {isa = PBXBuildFile; fileRef = AA6835DA283F3C630024B859 /* MatchRules.swift */; };
		AA6835DD283F3CE20024B859 /* GameMode.swift in Sources */ = {isa = PBXBuildFile; fileRef = AA6835DC283F3CE20024B859 /* GameMode.swift */; };
		AA6835DF283F3CE70024B859 /* Difficulty.swift in Sources */ = {isa = PBXBuildFile; fileRef = AA6835DE283F3CE70024B859 /* Difficulty.swift */; };
		AA7061AD285185A900F8A2E5 /* SendMailView.swift in Sources */ = {isa = PBXBuildFile; fileRef = AA7061AC285185A900F8A2E5 /* SendMailView.swift */; };
		AA82CEFA283B1DD2003FC070 /* VersusGameState.swift in Sources */ = {isa = PBXBuildFile; fileRef = AA82CEF9283B1DD2003FC070 /* VersusGameState.swift */; };
		AA82CEFC283B1E4A003FC070 /* VersusPlayerState.swift in Sources */ = {isa = PBXBuildFile; fileRef = AA82CEFB283B1E4A003FC070 /* VersusPlayerState.swift */; };
		AA88746D2858D933007E15C6 /* UDC Judge II.mlmodelc in Resources */ = {isa = PBXBuildFile; fileRef = AA88746C2858D933007E15C6 /* UDC Judge II.mlmodelc */; };
		AA9976CF2860C87A001E554B /* Roboto Mono.ttf in Resources */ = {isa = PBXBuildFile; fileRef = AA9976CE2860C75D001E554B /* Roboto Mono.ttf */; };
		AAA309AE2853E3D6007F4EC6 /* AssetType.swift in Sources */ = {isa = PBXBuildFile; fileRef = AAA309AD2853E3D6007F4EC6 /* AssetType.swift */; };
		AAB1992328551E3B0073DCD7 /* Zephyr.swift in Sources */ = {isa = PBXBuildFile; fileRef = AAB1992228551E3B0073DCD7 /* Zephyr.swift */; };
		AAB472502855780000DD76B7 /* MKiCloudSync.m in Sources */ = {isa = PBXBuildFile; fileRef = AAB4724D2855780000DD76B7 /* MKiCloudSync.m */; };
		AAB4725D2855815700DD76B7 /* Autobahn.mp3 in Resources */ = {isa = PBXBuildFile; fileRef = AAB472542855815600DD76B7 /* Autobahn.mp3 */; };
		AAB4725E2855815700DD76B7 /* Protection of Me.mp3 in Resources */ = {isa = PBXBuildFile; fileRef = AAB472552855815600DD76B7 /* Protection of Me.mp3 */; };
		AAB4725F2855815700DD76B7 /* Lounge Drum and Bass.mp3 in Resources */ = {isa = PBXBuildFile; fileRef = AAB472562855815700DD76B7 /* Lounge Drum and Bass.mp3 */; };
		AAB472602855815700DD76B7 /* Dancing Racoons.mp3 in Resources */ = {isa = PBXBuildFile; fileRef = AAB472572855815700DD76B7 /* Dancing Racoons.mp3 */; };
		AAB472612855815700DD76B7 /* Scandinavianz Palmtrees.mp3 in Resources */ = {isa = PBXBuildFile; fileRef = AAB472582855815700DD76B7 /* Scandinavianz Palmtrees.mp3 */; };
		AAB472622855815700DD76B7 /* Acceleron.mp3 in Resources */ = {isa = PBXBuildFile; fileRef = AAB472592855815700DD76B7 /* Acceleron.mp3 */; };
		AAB472632855815700DD76B7 /* Space Chillout.mp3 in Resources */ = {isa = PBXBuildFile; fileRef = AAB4725A2855815700DD76B7 /* Space Chillout.mp3 */; };
		AAB472642855815700DD76B7 /* Synthwave 80s.mp3 in Resources */ = {isa = PBXBuildFile; fileRef = AAB4725B2855815700DD76B7 /* Synthwave 80s.mp3 */; };
		AAB472652855815700DD76B7 /* Dragonfly.mp3 in Resources */ = {isa = PBXBuildFile; fileRef = AAB4725C2855815700DD76B7 /* Dragonfly.mp3 */; };
		AAB4F2DA285454C500676EC4 /* The Big Beat 80s.wav in Resources */ = {isa = PBXBuildFile; fileRef = AAB4F2D9285454C500676EC4 /* The Big Beat 80s.wav */; };
		AAB53143285C1A8300C8AFB5 /* iOS Game View Graphics.sks in Resources */ = {isa = PBXBuildFile; fileRef = AAB53134285C1A8300C8AFB5 /* iOS Game View Graphics.sks */; };
		AAB53144285C1A8300C8AFB5 /* iOS New Game Menu Graphics.sks in Resources */ = {isa = PBXBuildFile; fileRef = AAB53135285C1A8300C8AFB5 /* iOS New Game Menu Graphics.sks */; };
		AAB53145285C1A8300C8AFB5 /* iOS Gallery View Graphics.sks in Resources */ = {isa = PBXBuildFile; fileRef = AAB53136285C1A8300C8AFB5 /* iOS Gallery View Graphics.sks */; };
		AAB53146285C1A8300C8AFB5 /* iOS Main Menu Graphics.sks in Resources */ = {isa = PBXBuildFile; fileRef = AAB53137285C1A8300C8AFB5 /* iOS Main Menu Graphics.sks */; };
		AAB53147285C1A8300C8AFB5 /* iOS Title Screen Graphics.sks in Resources */ = {isa = PBXBuildFile; fileRef = AAB53138285C1A8300C8AFB5 /* iOS Title Screen Graphics.sks */; };
		AAB53148285C1A8300C8AFB5 /* iOS Backstory View Graphics.sks in Resources */ = {isa = PBXBuildFile; fileRef = AAB53139285C1A8300C8AFB5 /* iOS Backstory View Graphics.sks */; };
		AAB53149285C1A8300C8AFB5 /* iOS Game End View Graphics.sks in Resources */ = {isa = PBXBuildFile; fileRef = AAB5313A285C1A8300C8AFB5 /* iOS Game End View Graphics.sks */; };
		AAB5314A285C1A8300C8AFB5 /* Game View Graphics.sks in Resources */ = {isa = PBXBuildFile; fileRef = AAB5313C285C1A8300C8AFB5 /* Game View Graphics.sks */; };
		AAB5314B285C1A8300C8AFB5 /* New Game Menu Graphics.sks in Resources */ = {isa = PBXBuildFile; fileRef = AAB5313D285C1A8300C8AFB5 /* New Game Menu Graphics.sks */; };
		AAB5314C285C1A8300C8AFB5 /* Gallery View Graphics.sks in Resources */ = {isa = PBXBuildFile; fileRef = AAB5313E285C1A8300C8AFB5 /* Gallery View Graphics.sks */; };
		AAB5314D285C1A8300C8AFB5 /* Main Menu Graphics.sks in Resources */ = {isa = PBXBuildFile; fileRef = AAB5313F285C1A8300C8AFB5 /* Main Menu Graphics.sks */; };
		AAB5314E285C1A8300C8AFB5 /* Title Screen Graphics.sks in Resources */ = {isa = PBXBuildFile; fileRef = AAB53140285C1A8300C8AFB5 /* Title Screen Graphics.sks */; };
		AAB5314F285C1A8300C8AFB5 /* Backstory View Graphics.sks in Resources */ = {isa = PBXBuildFile; fileRef = AAB53141285C1A8300C8AFB5 /* Backstory View Graphics.sks */; };
		AAB53150285C1A8300C8AFB5 /* Game End View Graphics.sks in Resources */ = {isa = PBXBuildFile; fileRef = AAB53142285C1A8300C8AFB5 /* Game End View Graphics.sks */; };
		AAB5CE6E28793FCE00DC8CBE /* SuperDrawingJudgeModel.swift in Sources */ = {isa = PBXBuildFile; fileRef = AAB5CE6D28793FCE00DC8CBE /* SuperDrawingJudgeModel.swift */; };
		AABCEB02284D3BE600A733E5 /* GameCenterServices.swift in Sources */ = {isa = PBXBuildFile; fileRef = AABCEB01284D3BE600A733E5 /* GameCenterServices.swift */; };
		AAC000DB2836BCBC00C89FCE /* GalleryView.swift in Sources */ = {isa = PBXBuildFile; fileRef = AAC000DA2836BCBC00C89FCE /* GalleryView.swift */; };
		AAC000DD2836BD3B00C89FCE /* ProgressCircleView.swift in Sources */ = {isa = PBXBuildFile; fileRef = AAC000DC2836BD3B00C89FCE /* ProgressCircleView.swift */; };
		AAC000E228371EA100C89FCE /* TaskRectangleView.swift in Sources */ = {isa = PBXBuildFile; fileRef = AAC000E128371EA100C89FCE /* TaskRectangleView.swift */; };
		AAC000E428371EC300C89FCE /* TaskDetailView.swift in Sources */ = {isa = PBXBuildFile; fileRef = AAC000E328371EC300C89FCE /* TaskDetailView.swift */; };
		AAC000E6283731C400C89FCE /* UserTaskRecords.swift in Sources */ = {isa = PBXBuildFile; fileRef = AAC000E5283731C400C89FCE /* UserTaskRecords.swift */; };
		AAC5A150287952DC00582ABA /* CloudKit.framework in Frameworks */ = {isa = PBXBuildFile; fileRef = AAC5A14F287952DC00582ABA /* CloudKit.framework */; };
		AAC5A15428795C5100582ABA /* ShareSheetView.swift in Sources */ = {isa = PBXBuildFile; fileRef = AAC5A15328795C5100582ABA /* ShareSheetView.swift */; };
		AAC5A1562879601600582ABA /* DrawingCentralUploadView.swift in Sources */ = {isa = PBXBuildFile; fileRef = AAC5A1552879601600582ABA /* DrawingCentralUploadView.swift */; };
		AAC5D7552832FC070056E781 /* Preview Assets.xcassets in Resources */ = {isa = PBXBuildFile; fileRef = AAC5D7542832FC070056E781 /* Preview Assets.xcassets */; };
		AAC82AC22879FD8600337E2E /* DrawingCentralView.swift in Sources */ = {isa = PBXBuildFile; fileRef = AAC82AC12879FD8600337E2E /* DrawingCentralView.swift */; };
		AAC82AC4287A01B600337E2E /* Drawing.swift in Sources */ = {isa = PBXBuildFile; fileRef = AAC82AC3287A01B600337E2E /* Drawing.swift */; };
		AAC82AC6287A080A00337E2E /* RoundedCornerServices.swift in Sources */ = {isa = PBXBuildFile; fileRef = AAC82AC5287A080A00337E2E /* RoundedCornerServices.swift */; };
		AAC82AC8287A1B4100337E2E /* CloudKitOperationStatus.swift in Sources */ = {isa = PBXBuildFile; fileRef = AAC82AC7287A1B4100337E2E /* CloudKitOperationStatus.swift */; };
		AACF8B2128396E1300D9025C /* GameKit.framework in Frameworks */ = {isa = PBXBuildFile; fileRef = AACF8B2028396E1300D9025C /* GameKit.framework */; };
		AACF8B23283971F000D9025C /* GameCenterAuthenticationController.swift in Sources */ = {isa = PBXBuildFile; fileRef = AACF8B22283971F000D9025C /* GameCenterAuthenticationController.swift */; };
		AACF8B252839A68D00D9025C /* GameCenterInfoView.swift in Sources */ = {isa = PBXBuildFile; fileRef = AACF8B242839A68D00D9025C /* GameCenterInfoView.swift */; };
		AACF8B272839B98200D9025C /* GameCenterDashboardView.swift in Sources */ = {isa = PBXBuildFile; fileRef = AACF8B262839B98200D9025C /* GameCenterDashboardView.swift */; };
		AADED59E28387B19009558AC /* PracticeView.swift in Sources */ = {isa = PBXBuildFile; fileRef = AADED59D28387B19009558AC /* PracticeView.swift */; };
		AAF09225286023FA00F6925C /* Super Drawing Judge I.mlmodelc in Resources */ = {isa = PBXBuildFile; fileRef = AAF09221286023F900F6925C /* Super Drawing Judge I.mlmodelc */; };
		AAF09226286023FA00F6925C /* Super Drawing Judge III.mlmodelc in Resources */ = {isa = PBXBuildFile; fileRef = AAF09222286023F900F6925C /* Super Drawing Judge III.mlmodelc */; };
		AAF09227286023FA00F6925C /* Super Drawing Judge IV.mlmodelc in Resources */ = {isa = PBXBuildFile; fileRef = AAF09223286023F900F6925C /* Super Drawing Judge IV.mlmodelc */; };
		AAF09228286023FA00F6925C /* Super Drawing Judge II.mlmodelc in Resources */ = {isa = PBXBuildFile; fileRef = AAF09224286023FA00F6925C /* Super Drawing Judge II.mlmodelc */; };
		AAF0A63A2832F7E600E84330 /* Assets.xcassets in Resources */ = {isa = PBXBuildFile; fileRef = AAF0A6392832F7E600E84330 /* Assets.xcassets */; };
		AAF0A6472832F7E600E84330 /* One_Step_AheadTests.swift in Sources */ = {isa = PBXBuildFile; fileRef = AAF0A6462832F7E600E84330 /* One_Step_AheadTests.swift */; };
		AAF0A6512832F7E600E84330 /* One_Step_AheadUITests.swift in Sources */ = {isa = PBXBuildFile; fileRef = AAF0A6502832F7E600E84330 /* One_Step_AheadUITests.swift */; };
		AAF0A6532832F7E600E84330 /* One_Step_AheadUITestsLaunchTests.swift in Sources */ = {isa = PBXBuildFile; fileRef = AAF0A6522832F7E600E84330 /* One_Step_AheadUITestsLaunchTests.swift */; };
		AAF0A6772832F9DF00E84330 /* MLServices.swift in Sources */ = {isa = PBXBuildFile; fileRef = AAF0A6612832F9DF00E84330 /* MLServices.swift */; };
		AAF0A6782832F9DF00E84330 /* DiskServices.swift in Sources */ = {isa = PBXBuildFile; fileRef = AAF0A6622832F9DF00E84330 /* DiskServices.swift */; };
		AAF0A6792832F9DF00E84330 /* ColorServices.swift in Sources */ = {isa = PBXBuildFile; fileRef = AAF0A6632832F9DF00E84330 /* ColorServices.swift */; };
		AAF0A67A2832F9DF00E84330 /* ImageServices.swift in Sources */ = {isa = PBXBuildFile; fileRef = AAF0A6642832F9DF00E84330 /* ImageServices.swift */; };
		AAF0A67B2832F9DF00E84330 /* MathServices.swift in Sources */ = {isa = PBXBuildFile; fileRef = AAF0A6652832F9DF00E84330 /* MathServices.swift */; };
		AAF0A67C2832F9DF00E84330 /* AudioServices.swift in Sources */ = {isa = PBXBuildFile; fileRef = AAF0A6662832F9DF00E84330 /* AudioServices.swift */; };
		AAF0A67D2832F9DF00E84330 /* RotatingSquare.swift in Sources */ = {isa = PBXBuildFile; fileRef = AAF0A6682832F9DF00E84330 /* RotatingSquare.swift */; };
		AAF0A67E2832F9DF00E84330 /* CanvasView.swift in Sources */ = {isa = PBXBuildFile; fileRef = AAF0A6692832F9DF00E84330 /* CanvasView.swift */; };
		AAF0A67F2832F9DF00E84330 /* RectangleWrapper.swift in Sources */ = {isa = PBXBuildFile; fileRef = AAF0A66A2832F9DF00E84330 /* RectangleWrapper.swift */; };
		AAF0A6802832F9DF00E84330 /* HidingServices.swift in Sources */ = {isa = PBXBuildFile; fileRef = AAF0A66B2832F9DF00E84330 /* HidingServices.swift */; };
		AAF0A6882832F9DF00E84330 /* ImagePredictor.swift in Sources */ = {isa = PBXBuildFile; fileRef = AAF0A6752832F9DF00E84330 /* ImagePredictor.swift */; };
		AAF0A6892832F9DF00E84330 /* Drawing_Judge_Model.swift in Sources */ = {isa = PBXBuildFile; fileRef = AAF0A6762832F9DF00E84330 /* Drawing_Judge_Model.swift */; };
		AAF0A68E2832F9E200E84330 /* Tip.swift in Sources */ = {isa = PBXBuildFile; fileRef = AAF0A68B2832F9E200E84330 /* Tip.swift */; };
		AAF0A68F2832F9E200E84330 /* GameState.swift in Sources */ = {isa = PBXBuildFile; fileRef = AAF0A68C2832F9E200E84330 /* GameState.swift */; };
		AAF0A6902832F9E200E84330 /* Task.swift in Sources */ = {isa = PBXBuildFile; fileRef = AAF0A68D2832F9E200E84330 /* Task.swift */; };
		AAF0A6972832F9E600E84330 /* Defeat Jingle.mp3 in Resources */ = {isa = PBXBuildFile; fileRef = AAF0A6922832F9E600E84330 /* Defeat Jingle.mp3 */; };
		AAF0A6982832F9E600E84330 /* Powerup!.mp3 in Resources */ = {isa = PBXBuildFile; fileRef = AAF0A6932832F9E600E84330 /* Powerup!.mp3 */; };
		AAF0A6992832F9E600E84330 /* Dun Dun Dun.wav in Resources */ = {isa = PBXBuildFile; fileRef = AAF0A6942832F9E600E84330 /* Dun Dun Dun.wav */; };
		AAF0A69A2832F9E600E84330 /* Victory Jingle.mp3 in Resources */ = {isa = PBXBuildFile; fileRef = AAF0A6952832F9E600E84330 /* Victory Jingle.mp3 */; };
		AAF0A69B2832F9E600E84330 /* The Big Beat 80s (Spaced).wav in Resources */ = {isa = PBXBuildFile; fileRef = AAF0A6962832F9E600E84330 /* The Big Beat 80s (Spaced).wav */; };
		AAF0A69D2832F9EA00E84330 /* MyApp.swift in Sources */ = {isa = PBXBuildFile; fileRef = AAF0A69C2832F9EA00E84330 /* MyApp.swift */; };
		AAF0A69F2832F9F300E84330 /* README.md in Resources */ = {isa = PBXBuildFile; fileRef = AAF0A69E2832F9F300E84330 /* README.md */; };
		AAF0A6AF2832F9F900E84330 /* MainMenuView.swift in Sources */ = {isa = PBXBuildFile; fileRef = AAF0A6A32832F9F900E84330 /* MainMenuView.swift */; };
		AAF0A6B02832F9F900E84330 /* GameView.swift in Sources */ = {isa = PBXBuildFile; fileRef = AAF0A6A52832F9F900E84330 /* GameView.swift */; };
		AAF0A6B12832F9F900E84330 /* GameEndView.swift in Sources */ = {isa = PBXBuildFile; fileRef = AAF0A6A62832F9F900E84330 /* GameEndView.swift */; };
		AAF0A6B22832F9F900E84330 /* PlayerScoresView.swift in Sources */ = {isa = PBXBuildFile; fileRef = AAF0A6A72832F9F900E84330 /* PlayerScoresView.swift */; };
		AAF0A6B42832F9F900E84330 /* TitleScreenView.swift in Sources */ = {isa = PBXBuildFile; fileRef = AAF0A6A92832F9F900E84330 /* TitleScreenView.swift */; };
		AAF0A6B52832F9F900E84330 /* NewGameMenuView.swift in Sources */ = {isa = PBXBuildFile; fileRef = AAF0A6AA2832F9F900E84330 /* NewGameMenuView.swift */; };
		AAF0A6B62832F9F900E84330 /* BackstoryView.swift in Sources */ = {isa = PBXBuildFile; fileRef = AAF0A6AC2832F9F900E84330 /* BackstoryView.swift */; };
		AAF0A6B72832F9F900E84330 /* TutorialGameView.swift in Sources */ = {isa = PBXBuildFile; fileRef = AAF0A6AD2832F9F900E84330 /* TutorialGameView.swift */; };
		AAF0A6B82832F9F900E84330 /* TutorialGameEndView.swift in Sources */ = {isa = PBXBuildFile; fileRef = AAF0A6AE2832F9F900E84330 /* TutorialGameEndView.swift */; };
		AAFED0CA2855B1DF0066B2CD /* Lounge Drum and Bass (Spaced).mp3 in Resources */ = {isa = PBXBuildFile; fileRef = AAFED0C92855B1DF0066B2CD /* Lounge Drum and Bass (Spaced).mp3 */; };
/* End PBXBuildFile section */

/* Begin PBXContainerItemProxy section */
		AAF0A6432832F7E600E84330 /* PBXContainerItemProxy */ = {
			isa = PBXContainerItemProxy;
			containerPortal = AAF0A62A2832F7E500E84330 /* Project object */;
			proxyType = 1;
			remoteGlobalIDString = AAF0A6312832F7E500E84330;
			remoteInfo = "One Step Ahead";
		};
		AAF0A64D2832F7E600E84330 /* PBXContainerItemProxy */ = {
			isa = PBXContainerItemProxy;
			containerPortal = AAF0A62A2832F7E500E84330 /* Project object */;
			proxyType = 1;
			remoteGlobalIDString = AAF0A6312832F7E500E84330;
			remoteInfo = "One Step Ahead";
		};
/* End PBXContainerItemProxy section */

/* Begin PBXFileReference section */
		AA057F682856E5BE00B9FAFA /* UDC Judge.mlmodelc */ = {isa = PBXFileReference; lastKnownFileType = wrapper; path = "UDC Judge.mlmodelc"; sourceTree = "<group>"; };
		AA1B82EA2853D9C800C6A192 /* SettingsView.swift */ = {isa = PBXFileReference; fileEncoding = 4; lastKnownFileType = sourcecode.swift; path = SettingsView.swift; sourceTree = "<group>"; };
		AA1B82EB2853D9C800C6A192 /* LicensingDetailView.swift */ = {isa = PBXFileReference; fileEncoding = 4; lastKnownFileType = sourcecode.swift; path = LicensingDetailView.swift; sourceTree = "<group>"; };
		AA1B82EC2853D9C800C6A192 /* LicensingView.swift */ = {isa = PBXFileReference; fileEncoding = 4; lastKnownFileType = sourcecode.swift; path = LicensingView.swift; sourceTree = "<group>"; };
		AA215EF628341F0100D614DD /* Drawing Judge II.mlmodelc */ = {isa = PBXFileReference; lastKnownFileType = wrapper; path = "Drawing Judge II.mlmodelc"; sourceTree = "<group>"; };
		AA215EF828341FB700D614DD /* Drawing Judge.mlmodelc */ = {isa = PBXFileReference; lastKnownFileType = wrapper; path = "Drawing Judge.mlmodelc"; sourceTree = "<group>"; };
		AA6835D8283F386A0024B859 /* SeededGenerator.swift */ = {isa = PBXFileReference; lastKnownFileType = sourcecode.swift; path = SeededGenerator.swift; sourceTree = "<group>"; };
		AA6835DA283F3C630024B859 /* MatchRules.swift */ = {isa = PBXFileReference; lastKnownFileType = sourcecode.swift; path = MatchRules.swift; sourceTree = "<group>"; };
		AA6835DC283F3CE20024B859 /* GameMode.swift */ = {isa = PBXFileReference; lastKnownFileType = sourcecode.swift; path = GameMode.swift; sourceTree = "<group>"; };
		AA6835DE283F3CE70024B859 /* Difficulty.swift */ = {isa = PBXFileReference; lastKnownFileType = sourcecode.swift; path = Difficulty.swift; sourceTree = "<group>"; };
		AA7061AC285185A900F8A2E5 /* SendMailView.swift */ = {isa = PBXFileReference; lastKnownFileType = sourcecode.swift; path = SendMailView.swift; sourceTree = "<group>"; };
		AA82CEF9283B1DD2003FC070 /* VersusGameState.swift */ = {isa = PBXFileReference; lastKnownFileType = sourcecode.swift; path = VersusGameState.swift; sourceTree = "<group>"; };
		AA82CEFB283B1E4A003FC070 /* VersusPlayerState.swift */ = {isa = PBXFileReference; lastKnownFileType = sourcecode.swift; path = VersusPlayerState.swift; sourceTree = "<group>"; };
		AA88746C2858D933007E15C6 /* UDC Judge II.mlmodelc */ = {isa = PBXFileReference; lastKnownFileType = wrapper; path = "UDC Judge II.mlmodelc"; sourceTree = "<group>"; };
		AA9976CE2860C75D001E554B /* Roboto Mono.ttf */ = {isa = PBXFileReference; lastKnownFileType = file; path = "Roboto Mono.ttf"; sourceTree = "<group>"; };
		AAA309AD2853E3D6007F4EC6 /* AssetType.swift */ = {isa = PBXFileReference; lastKnownFileType = sourcecode.swift; path = AssetType.swift; sourceTree = "<group>"; };
		AAB1992228551E3B0073DCD7 /* Zephyr.swift */ = {isa = PBXFileReference; lastKnownFileType = sourcecode.swift; path = Zephyr.swift; sourceTree = "<group>"; };
		AAB4724D2855780000DD76B7 /* MKiCloudSync.m */ = {isa = PBXFileReference; fileEncoding = 4; lastKnownFileType = sourcecode.c.objc; path = MKiCloudSync.m; sourceTree = "<group>"; };
		AAB4724E2855780000DD76B7 /* MKiCloudSync.h */ = {isa = PBXFileReference; fileEncoding = 4; lastKnownFileType = sourcecode.c.h; path = MKiCloudSync.h; sourceTree = "<group>"; };
		AAB4724F2855780000DD76B7 /* One Step Ahead-Bridging-Header.h */ = {isa = PBXFileReference; fileEncoding = 4; lastKnownFileType = sourcecode.c.h; path = "One Step Ahead-Bridging-Header.h"; sourceTree = "<group>"; };
		AAB472542855815600DD76B7 /* Autobahn.mp3 */ = {isa = PBXFileReference; lastKnownFileType = audio.mp3; path = Autobahn.mp3; sourceTree = "<group>"; };
		AAB472552855815600DD76B7 /* Protection of Me.mp3 */ = {isa = PBXFileReference; lastKnownFileType = audio.mp3; path = "Protection of Me.mp3"; sourceTree = "<group>"; };
		AAB472562855815700DD76B7 /* Lounge Drum and Bass.mp3 */ = {isa = PBXFileReference; lastKnownFileType = audio.mp3; path = "Lounge Drum and Bass.mp3"; sourceTree = "<group>"; };
		AAB472572855815700DD76B7 /* Dancing Racoons.mp3 */ = {isa = PBXFileReference; lastKnownFileType = audio.mp3; path = "Dancing Racoons.mp3"; sourceTree = "<group>"; };
		AAB472582855815700DD76B7 /* Scandinavianz Palmtrees.mp3 */ = {isa = PBXFileReference; lastKnownFileType = audio.mp3; path = "Scandinavianz Palmtrees.mp3"; sourceTree = "<group>"; };
		AAB472592855815700DD76B7 /* Acceleron.mp3 */ = {isa = PBXFileReference; lastKnownFileType = audio.mp3; path = Acceleron.mp3; sourceTree = "<group>"; };
		AAB4725A2855815700DD76B7 /* Space Chillout.mp3 */ = {isa = PBXFileReference; lastKnownFileType = audio.mp3; path = "Space Chillout.mp3"; sourceTree = "<group>"; };
		AAB4725B2855815700DD76B7 /* Synthwave 80s.mp3 */ = {isa = PBXFileReference; lastKnownFileType = audio.mp3; path = "Synthwave 80s.mp3"; sourceTree = "<group>"; };
		AAB4725C2855815700DD76B7 /* Dragonfly.mp3 */ = {isa = PBXFileReference; lastKnownFileType = audio.mp3; path = Dragonfly.mp3; sourceTree = "<group>"; };
		AAB4F2D9285454C500676EC4 /* The Big Beat 80s.wav */ = {isa = PBXFileReference; lastKnownFileType = audio.wav; path = "The Big Beat 80s.wav"; sourceTree = "<group>"; };
		AAB4F2E02854615100676EC4 /* One Step Ahead.entitlements */ = {isa = PBXFileReference; lastKnownFileType = text.plist.entitlements; path = "One Step Ahead.entitlements"; sourceTree = "<group>"; };
		AAB53134285C1A8300C8AFB5 /* iOS Game View Graphics.sks */ = {isa = PBXFileReference; lastKnownFileType = file.sks; path = "iOS Game View Graphics.sks"; sourceTree = "<group>"; };
		AAB53135285C1A8300C8AFB5 /* iOS New Game Menu Graphics.sks */ = {isa = PBXFileReference; lastKnownFileType = file.sks; path = "iOS New Game Menu Graphics.sks"; sourceTree = "<group>"; };
		AAB53136285C1A8300C8AFB5 /* iOS Gallery View Graphics.sks */ = {isa = PBXFileReference; lastKnownFileType = file.sks; path = "iOS Gallery View Graphics.sks"; sourceTree = "<group>"; };
		AAB53137285C1A8300C8AFB5 /* iOS Main Menu Graphics.sks */ = {isa = PBXFileReference; lastKnownFileType = file.sks; path = "iOS Main Menu Graphics.sks"; sourceTree = "<group>"; };
		AAB53138285C1A8300C8AFB5 /* iOS Title Screen Graphics.sks */ = {isa = PBXFileReference; lastKnownFileType = file.sks; path = "iOS Title Screen Graphics.sks"; sourceTree = "<group>"; };
		AAB53139285C1A8300C8AFB5 /* iOS Backstory View Graphics.sks */ = {isa = PBXFileReference; lastKnownFileType = file.sks; path = "iOS Backstory View Graphics.sks"; sourceTree = "<group>"; };
		AAB5313A285C1A8300C8AFB5 /* iOS Game End View Graphics.sks */ = {isa = PBXFileReference; lastKnownFileType = file.sks; path = "iOS Game End View Graphics.sks"; sourceTree = "<group>"; };
		AAB5313C285C1A8300C8AFB5 /* Game View Graphics.sks */ = {isa = PBXFileReference; lastKnownFileType = file.sks; path = "Game View Graphics.sks"; sourceTree = "<group>"; };
		AAB5313D285C1A8300C8AFB5 /* New Game Menu Graphics.sks */ = {isa = PBXFileReference; lastKnownFileType = file.sks; path = "New Game Menu Graphics.sks"; sourceTree = "<group>"; };
		AAB5313E285C1A8300C8AFB5 /* Gallery View Graphics.sks */ = {isa = PBXFileReference; lastKnownFileType = file.sks; path = "Gallery View Graphics.sks"; sourceTree = "<group>"; };
		AAB5313F285C1A8300C8AFB5 /* Main Menu Graphics.sks */ = {isa = PBXFileReference; lastKnownFileType = file.sks; path = "Main Menu Graphics.sks"; sourceTree = "<group>"; };
		AAB53140285C1A8300C8AFB5 /* Title Screen Graphics.sks */ = {isa = PBXFileReference; lastKnownFileType = file.sks; path = "Title Screen Graphics.sks"; sourceTree = "<group>"; };
		AAB53141285C1A8300C8AFB5 /* Backstory View Graphics.sks */ = {isa = PBXFileReference; lastKnownFileType = file.sks; path = "Backstory View Graphics.sks"; sourceTree = "<group>"; };
		AAB53142285C1A8300C8AFB5 /* Game End View Graphics.sks */ = {isa = PBXFileReference; lastKnownFileType = file.sks; path = "Game End View Graphics.sks"; sourceTree = "<group>"; };
		AAB5CE6D28793FCE00DC8CBE /* SuperDrawingJudgeModel.swift */ = {isa = PBXFileReference; lastKnownFileType = sourcecode.swift; path = SuperDrawingJudgeModel.swift; sourceTree = "<group>"; };
		AABCEB01284D3BE600A733E5 /* GameCenterServices.swift */ = {isa = PBXFileReference; lastKnownFileType = sourcecode.swift; path = GameCenterServices.swift; sourceTree = "<group>"; };
		AAC000D92836BC1700C89FCE /* One-Step-Ahead-Info.plist */ = {isa = PBXFileReference; lastKnownFileType = text.plist; path = "One-Step-Ahead-Info.plist"; sourceTree = SOURCE_ROOT; };
		AAC000DA2836BCBC00C89FCE /* GalleryView.swift */ = {isa = PBXFileReference; lastKnownFileType = sourcecode.swift; path = GalleryView.swift; sourceTree = "<group>"; };
		AAC000DC2836BD3B00C89FCE /* ProgressCircleView.swift */ = {isa = PBXFileReference; fileEncoding = 4; lastKnownFileType = sourcecode.swift; path = ProgressCircleView.swift; sourceTree = "<group>"; };
		AAC000E128371EA100C89FCE /* TaskRectangleView.swift */ = {isa = PBXFileReference; lastKnownFileType = sourcecode.swift; path = TaskRectangleView.swift; sourceTree = "<group>"; };
		AAC000E328371EC300C89FCE /* TaskDetailView.swift */ = {isa = PBXFileReference; lastKnownFileType = sourcecode.swift; path = TaskDetailView.swift; sourceTree = "<group>"; };
		AAC000E5283731C400C89FCE /* UserTaskRecords.swift */ = {isa = PBXFileReference; lastKnownFileType = sourcecode.swift; path = UserTaskRecords.swift; sourceTree = "<group>"; };
		AAC5A14F287952DC00582ABA /* CloudKit.framework */ = {isa = PBXFileReference; lastKnownFileType = wrapper.framework; name = CloudKit.framework; path = System/Library/Frameworks/CloudKit.framework; sourceTree = SDKROOT; };
		AAC5A15328795C5100582ABA /* ShareSheetView.swift */ = {isa = PBXFileReference; lastKnownFileType = sourcecode.swift; path = ShareSheetView.swift; sourceTree = "<group>"; };
		AAC5A1552879601600582ABA /* DrawingCentralUploadView.swift */ = {isa = PBXFileReference; lastKnownFileType = sourcecode.swift; path = DrawingCentralUploadView.swift; sourceTree = "<group>"; };
		AAC5D7542832FC070056E781 /* Preview Assets.xcassets */ = {isa = PBXFileReference; lastKnownFileType = folder.assetcatalog; path = "Preview Assets.xcassets"; sourceTree = "<group>"; };
		AAC82AC12879FD8600337E2E /* DrawingCentralView.swift */ = {isa = PBXFileReference; lastKnownFileType = sourcecode.swift; path = DrawingCentralView.swift; sourceTree = "<group>"; };
		AAC82AC3287A01B600337E2E /* Drawing.swift */ = {isa = PBXFileReference; lastKnownFileType = sourcecode.swift; path = Drawing.swift; sourceTree = "<group>"; };
		AAC82AC5287A080A00337E2E /* RoundedCornerServices.swift */ = {isa = PBXFileReference; lastKnownFileType = sourcecode.swift; path = RoundedCornerServices.swift; sourceTree = "<group>"; };
		AAC82AC7287A1B4100337E2E /* CloudKitOperationStatus.swift */ = {isa = PBXFileReference; lastKnownFileType = sourcecode.swift; path = CloudKitOperationStatus.swift; sourceTree = "<group>"; };
		AACF8B2028396E1300D9025C /* GameKit.framework */ = {isa = PBXFileReference; lastKnownFileType = wrapper.framework; name = GameKit.framework; path = System/Library/Frameworks/GameKit.framework; sourceTree = SDKROOT; };
		AACF8B22283971F000D9025C /* GameCenterAuthenticationController.swift */ = {isa = PBXFileReference; lastKnownFileType = sourcecode.swift; path = GameCenterAuthenticationController.swift; sourceTree = "<group>"; };
		AACF8B242839A68D00D9025C /* GameCenterInfoView.swift */ = {isa = PBXFileReference; lastKnownFileType = sourcecode.swift; path = GameCenterInfoView.swift; sourceTree = "<group>"; };
		AACF8B262839B98200D9025C /* GameCenterDashboardView.swift */ = {isa = PBXFileReference; lastKnownFileType = sourcecode.swift; path = GameCenterDashboardView.swift; sourceTree = "<group>"; };
		AADED59D28387B19009558AC /* PracticeView.swift */ = {isa = PBXFileReference; lastKnownFileType = sourcecode.swift; path = PracticeView.swift; sourceTree = "<group>"; };
		AAF09221286023F900F6925C /* Super Drawing Judge I.mlmodelc */ = {isa = PBXFileReference; lastKnownFileType = wrapper; path = "Super Drawing Judge I.mlmodelc"; sourceTree = "<group>"; };
		AAF09222286023F900F6925C /* Super Drawing Judge III.mlmodelc */ = {isa = PBXFileReference; lastKnownFileType = wrapper; path = "Super Drawing Judge III.mlmodelc"; sourceTree = "<group>"; };
		AAF09223286023F900F6925C /* Super Drawing Judge IV.mlmodelc */ = {isa = PBXFileReference; lastKnownFileType = wrapper; path = "Super Drawing Judge IV.mlmodelc"; sourceTree = "<group>"; };
		AAF09224286023FA00F6925C /* Super Drawing Judge II.mlmodelc */ = {isa = PBXFileReference; lastKnownFileType = wrapper; path = "Super Drawing Judge II.mlmodelc"; sourceTree = "<group>"; };
		AAF0A6322832F7E500E84330 /* One Step Ahead.app */ = {isa = PBXFileReference; explicitFileType = wrapper.application; includeInIndex = 0; path = "One Step Ahead.app"; sourceTree = BUILT_PRODUCTS_DIR; };
		AAF0A6392832F7E600E84330 /* Assets.xcassets */ = {isa = PBXFileReference; lastKnownFileType = folder.assetcatalog; path = Assets.xcassets; sourceTree = "<group>"; };
		AAF0A6422832F7E600E84330 /* One Step AheadTests.xctest */ = {isa = PBXFileReference; explicitFileType = wrapper.cfbundle; includeInIndex = 0; path = "One Step AheadTests.xctest"; sourceTree = BUILT_PRODUCTS_DIR; };
		AAF0A6462832F7E600E84330 /* One_Step_AheadTests.swift */ = {isa = PBXFileReference; lastKnownFileType = sourcecode.swift; path = One_Step_AheadTests.swift; sourceTree = "<group>"; };
		AAF0A64C2832F7E600E84330 /* One Step AheadUITests.xctest */ = {isa = PBXFileReference; explicitFileType = wrapper.cfbundle; includeInIndex = 0; path = "One Step AheadUITests.xctest"; sourceTree = BUILT_PRODUCTS_DIR; };
		AAF0A6502832F7E600E84330 /* One_Step_AheadUITests.swift */ = {isa = PBXFileReference; lastKnownFileType = sourcecode.swift; path = One_Step_AheadUITests.swift; sourceTree = "<group>"; };
		AAF0A6522832F7E600E84330 /* One_Step_AheadUITestsLaunchTests.swift */ = {isa = PBXFileReference; lastKnownFileType = sourcecode.swift; path = One_Step_AheadUITestsLaunchTests.swift; sourceTree = "<group>"; };
		AAF0A6612832F9DF00E84330 /* MLServices.swift */ = {isa = PBXFileReference; fileEncoding = 4; lastKnownFileType = sourcecode.swift; path = MLServices.swift; sourceTree = "<group>"; };
		AAF0A6622832F9DF00E84330 /* DiskServices.swift */ = {isa = PBXFileReference; fileEncoding = 4; lastKnownFileType = sourcecode.swift; path = DiskServices.swift; sourceTree = "<group>"; };
		AAF0A6632832F9DF00E84330 /* ColorServices.swift */ = {isa = PBXFileReference; fileEncoding = 4; lastKnownFileType = sourcecode.swift; path = ColorServices.swift; sourceTree = "<group>"; };
		AAF0A6642832F9DF00E84330 /* ImageServices.swift */ = {isa = PBXFileReference; fileEncoding = 4; lastKnownFileType = sourcecode.swift; path = ImageServices.swift; sourceTree = "<group>"; };
		AAF0A6652832F9DF00E84330 /* MathServices.swift */ = {isa = PBXFileReference; fileEncoding = 4; lastKnownFileType = sourcecode.swift; path = MathServices.swift; sourceTree = "<group>"; };
		AAF0A6662832F9DF00E84330 /* AudioServices.swift */ = {isa = PBXFileReference; fileEncoding = 4; lastKnownFileType = sourcecode.swift; path = AudioServices.swift; sourceTree = "<group>"; };
		AAF0A6682832F9DF00E84330 /* RotatingSquare.swift */ = {isa = PBXFileReference; fileEncoding = 4; lastKnownFileType = sourcecode.swift; path = RotatingSquare.swift; sourceTree = "<group>"; };
		AAF0A6692832F9DF00E84330 /* CanvasView.swift */ = {isa = PBXFileReference; fileEncoding = 4; lastKnownFileType = sourcecode.swift; path = CanvasView.swift; sourceTree = "<group>"; };
		AAF0A66A2832F9DF00E84330 /* RectangleWrapper.swift */ = {isa = PBXFileReference; fileEncoding = 4; lastKnownFileType = sourcecode.swift; path = RectangleWrapper.swift; sourceTree = "<group>"; };
		AAF0A66B2832F9DF00E84330 /* HidingServices.swift */ = {isa = PBXFileReference; fileEncoding = 4; lastKnownFileType = sourcecode.swift; path = HidingServices.swift; sourceTree = "<group>"; };
		AAF0A6752832F9DF00E84330 /* ImagePredictor.swift */ = {isa = PBXFileReference; fileEncoding = 4; lastKnownFileType = sourcecode.swift; path = ImagePredictor.swift; sourceTree = "<group>"; };
		AAF0A6762832F9DF00E84330 /* Drawing_Judge_Model.swift */ = {isa = PBXFileReference; fileEncoding = 4; lastKnownFileType = sourcecode.swift; path = Drawing_Judge_Model.swift; sourceTree = "<group>"; };
		AAF0A68B2832F9E200E84330 /* Tip.swift */ = {isa = PBXFileReference; fileEncoding = 4; lastKnownFileType = sourcecode.swift; path = Tip.swift; sourceTree = "<group>"; };
		AAF0A68C2832F9E200E84330 /* GameState.swift */ = {isa = PBXFileReference; fileEncoding = 4; lastKnownFileType = sourcecode.swift; path = GameState.swift; sourceTree = "<group>"; };
		AAF0A68D2832F9E200E84330 /* Task.swift */ = {isa = PBXFileReference; fileEncoding = 4; lastKnownFileType = sourcecode.swift; path = Task.swift; sourceTree = "<group>"; };
		AAF0A6922832F9E600E84330 /* Defeat Jingle.mp3 */ = {isa = PBXFileReference; lastKnownFileType = audio.mp3; path = "Defeat Jingle.mp3"; sourceTree = "<group>"; };
		AAF0A6932832F9E600E84330 /* Powerup!.mp3 */ = {isa = PBXFileReference; lastKnownFileType = audio.mp3; path = "Powerup!.mp3"; sourceTree = "<group>"; };
		AAF0A6942832F9E600E84330 /* Dun Dun Dun.wav */ = {isa = PBXFileReference; lastKnownFileType = audio.wav; path = "Dun Dun Dun.wav"; sourceTree = "<group>"; };
		AAF0A6952832F9E600E84330 /* Victory Jingle.mp3 */ = {isa = PBXFileReference; lastKnownFileType = audio.mp3; path = "Victory Jingle.mp3"; sourceTree = "<group>"; };
		AAF0A6962832F9E600E84330 /* The Big Beat 80s (Spaced).wav */ = {isa = PBXFileReference; lastKnownFileType = audio.wav; path = "The Big Beat 80s (Spaced).wav"; sourceTree = "<group>"; };
		AAF0A69C2832F9EA00E84330 /* MyApp.swift */ = {isa = PBXFileReference; fileEncoding = 4; lastKnownFileType = sourcecode.swift; path = MyApp.swift; sourceTree = "<group>"; };
		AAF0A69E2832F9F300E84330 /* README.md */ = {isa = PBXFileReference; fileEncoding = 4; lastKnownFileType = net.daringfireball.markdown; path = README.md; sourceTree = "<group>"; };
		AAF0A6A32832F9F900E84330 /* MainMenuView.swift */ = {isa = PBXFileReference; fileEncoding = 4; lastKnownFileType = sourcecode.swift; path = MainMenuView.swift; sourceTree = "<group>"; };
		AAF0A6A52832F9F900E84330 /* GameView.swift */ = {isa = PBXFileReference; fileEncoding = 4; lastKnownFileType = sourcecode.swift; path = GameView.swift; sourceTree = "<group>"; };
		AAF0A6A62832F9F900E84330 /* GameEndView.swift */ = {isa = PBXFileReference; fileEncoding = 4; lastKnownFileType = sourcecode.swift; path = GameEndView.swift; sourceTree = "<group>"; };
		AAF0A6A72832F9F900E84330 /* PlayerScoresView.swift */ = {isa = PBXFileReference; fileEncoding = 4; lastKnownFileType = sourcecode.swift; path = PlayerScoresView.swift; sourceTree = "<group>"; };
		AAF0A6A92832F9F900E84330 /* TitleScreenView.swift */ = {isa = PBXFileReference; fileEncoding = 4; lastKnownFileType = sourcecode.swift; path = TitleScreenView.swift; sourceTree = "<group>"; };
		AAF0A6AA2832F9F900E84330 /* NewGameMenuView.swift */ = {isa = PBXFileReference; fileEncoding = 4; lastKnownFileType = sourcecode.swift; path = NewGameMenuView.swift; sourceTree = "<group>"; };
		AAF0A6AC2832F9F900E84330 /* BackstoryView.swift */ = {isa = PBXFileReference; fileEncoding = 4; lastKnownFileType = sourcecode.swift; path = BackstoryView.swift; sourceTree = "<group>"; };
		AAF0A6AD2832F9F900E84330 /* TutorialGameView.swift */ = {isa = PBXFileReference; fileEncoding = 4; lastKnownFileType = sourcecode.swift; path = TutorialGameView.swift; sourceTree = "<group>"; };
		AAF0A6AE2832F9F900E84330 /* TutorialGameEndView.swift */ = {isa = PBXFileReference; fileEncoding = 4; lastKnownFileType = sourcecode.swift; path = TutorialGameEndView.swift; sourceTree = "<group>"; };
		AAFED0C92855B1DF0066B2CD /* Lounge Drum and Bass (Spaced).mp3 */ = {isa = PBXFileReference; lastKnownFileType = audio.mp3; path = "Lounge Drum and Bass (Spaced).mp3"; sourceTree = "<group>"; };
/* End PBXFileReference section */

/* Begin PBXFrameworksBuildPhase section */
		AAF0A62F2832F7E500E84330 /* Frameworks */ = {
			isa = PBXFrameworksBuildPhase;
			buildActionMask = 2147483647;
			files = (
				AACF8B2128396E1300D9025C /* GameKit.framework in Frameworks */,
				AAC5A150287952DC00582ABA /* CloudKit.framework in Frameworks */,
			);
			runOnlyForDeploymentPostprocessing = 0;
		};
		AAF0A63F2832F7E600E84330 /* Frameworks */ = {
			isa = PBXFrameworksBuildPhase;
			buildActionMask = 2147483647;
			files = (
			);
			runOnlyForDeploymentPostprocessing = 0;
		};
		AAF0A6492832F7E600E84330 /* Frameworks */ = {
			isa = PBXFrameworksBuildPhase;
			buildActionMask = 2147483647;
			files = (
			);
			runOnlyForDeploymentPostprocessing = 0;
		};
/* End PBXFrameworksBuildPhase section */

/* Begin PBXGroup section */
		AA1B82E92853D9C800C6A192 /* Settings Views */ = {
			isa = PBXGroup;
			children = (
				AA1B82EA2853D9C800C6A192 /* SettingsView.swift */,
				AA1B82EC2853D9C800C6A192 /* LicensingView.swift */,
				AA1B82EB2853D9C800C6A192 /* LicensingDetailView.swift */,
			);
			path = "Settings Views";
			sourceTree = "<group>";
		};
		AA6835E0283F3CEB0024B859 /* Enumerations */ = {
			isa = PBXGroup;
			children = (
				AA6835DC283F3CE20024B859 /* GameMode.swift */,
				AA6835DE283F3CE70024B859 /* Difficulty.swift */,
				AAA309AD2853E3D6007F4EC6 /* AssetType.swift */,
				AAB5CE6D28793FCE00DC8CBE /* SuperDrawingJudgeModel.swift */,
				AAC82AC7287A1B4100337E2E /* CloudKitOperationStatus.swift */,
			);
			path = Enumerations;
			sourceTree = "<group>";
		};
		AAB4724C2855779B00DD76B7 /* MKiCloudSync */ = {
			isa = PBXGroup;
			children = (
				AAB4724F2855780000DD76B7 /* One Step Ahead-Bridging-Header.h */,
				AAB4724E2855780000DD76B7 /* MKiCloudSync.h */,
				AAB4724D2855780000DD76B7 /* MKiCloudSync.m */,
			);
			path = MKiCloudSync;
			sourceTree = "<group>";
		};
		AAB472512855811800DD76B7 /* Sound Effects */ = {
			isa = PBXGroup;
			children = (
				AAF0A6942832F9E600E84330 /* Dun Dun Dun.wav */,
				AAF0A6952832F9E600E84330 /* Victory Jingle.mp3 */,
				AAF0A6922832F9E600E84330 /* Defeat Jingle.mp3 */,
			);
			path = "Sound Effects";
			sourceTree = "<group>";
		};
		AAB472532855813E00DD76B7 /* Version 1.0 Music */ = {
			isa = PBXGroup;
			children = (
				AAF0A6932832F9E600E84330 /* Powerup!.mp3 */,
				AAB4F2D9285454C500676EC4 /* The Big Beat 80s.wav */,
				AAF0A6962832F9E600E84330 /* The Big Beat 80s (Spaced).wav */,
			);
			path = "Version 1.0 Music";
			sourceTree = "<group>";
		};
		AAB472662855815C00DD76B7 /* Battle Themes */ = {
			isa = PBXGroup;
			children = (
				AAB472592855815700DD76B7 /* Acceleron.mp3 */,
				AAB472542855815600DD76B7 /* Autobahn.mp3 */,
				AAB472572855815700DD76B7 /* Dancing Racoons.mp3 */,
				AAB4725C2855815700DD76B7 /* Dragonfly.mp3 */,
				AAB472552855815600DD76B7 /* Protection of Me.mp3 */,
				AAB472582855815700DD76B7 /* Scandinavianz Palmtrees.mp3 */,
				AAB4725B2855815700DD76B7 /* Synthwave 80s.mp3 */,
			);
			path = "Battle Themes";
			sourceTree = "<group>";
		};
		AAB53133285C1A8300C8AFB5 /* iOS Graphics */ = {
			isa = PBXGroup;
			children = (
				AAB53134285C1A8300C8AFB5 /* iOS Game View Graphics.sks */,
				AAB53135285C1A8300C8AFB5 /* iOS New Game Menu Graphics.sks */,
				AAB53136285C1A8300C8AFB5 /* iOS Gallery View Graphics.sks */,
				AAB53137285C1A8300C8AFB5 /* iOS Main Menu Graphics.sks */,
				AAB53138285C1A8300C8AFB5 /* iOS Title Screen Graphics.sks */,
				AAB53139285C1A8300C8AFB5 /* iOS Backstory View Graphics.sks */,
				AAB5313A285C1A8300C8AFB5 /* iOS Game End View Graphics.sks */,
			);
			path = "iOS Graphics";
			sourceTree = "<group>";
		};
		AAB5313B285C1A8300C8AFB5 /* Original Graphics */ = {
			isa = PBXGroup;
			children = (
				AAB5313C285C1A8300C8AFB5 /* Game View Graphics.sks */,
				AAB5313D285C1A8300C8AFB5 /* New Game Menu Graphics.sks */,
				AAB5313E285C1A8300C8AFB5 /* Gallery View Graphics.sks */,
				AAB5313F285C1A8300C8AFB5 /* Main Menu Graphics.sks */,
				AAB53140285C1A8300C8AFB5 /* Title Screen Graphics.sks */,
				AAB53141285C1A8300C8AFB5 /* Backstory View Graphics.sks */,
				AAB53142285C1A8300C8AFB5 /* Game End View Graphics.sks */,
			);
			path = "Original Graphics";
			sourceTree = "<group>";
		};
		AAC000E028371E8500C89FCE /* Gallery Views */ = {
			isa = PBXGroup;
			children = (
				AAC000DA2836BCBC00C89FCE /* GalleryView.swift */,
				AAC000E128371EA100C89FCE /* TaskRectangleView.swift */,
				AAC000E328371EC300C89FCE /* TaskDetailView.swift */,
				AADED59D28387B19009558AC /* PracticeView.swift */,
			);
			path = "Gallery Views";
			sourceTree = "<group>";
		};
		AAC5D7532832FC070056E781 /* Preview Content */ = {
			isa = PBXGroup;
			children = (
				AAC5D7542832FC070056E781 /* Preview Assets.xcassets */,
			);
			path = "Preview Content";
			sourceTree = "<group>";
		};
		AACF8B1F28396E1300D9025C /* Frameworks */ = {
			isa = PBXGroup;
			children = (
				AAC5A14F287952DC00582ABA /* CloudKit.framework */,
				AACF8B2028396E1300D9025C /* GameKit.framework */,
			);
			name = Frameworks;
			sourceTree = "<group>";
		};
		AAF09216286022CA00F6925C /* Super Drawing Judge */ = {
			isa = PBXGroup;
			children = (
				AAF09221286023F900F6925C /* Super Drawing Judge I.mlmodelc */,
				AAF09224286023FA00F6925C /* Super Drawing Judge II.mlmodelc */,
				AAF09222286023F900F6925C /* Super Drawing Judge III.mlmodelc */,
				AAF09223286023F900F6925C /* Super Drawing Judge IV.mlmodelc */,
			);
			path = "Super Drawing Judge";
			sourceTree = "<group>";
		};
		AAF0921F286023C300F6925C /* Old Judge Models */ = {
			isa = PBXGroup;
			children = (
				AA215EF828341FB700D614DD /* Drawing Judge.mlmodelc */,
				AA215EF628341F0100D614DD /* Drawing Judge II.mlmodelc */,
				AA057F682856E5BE00B9FAFA /* UDC Judge.mlmodelc */,
				AA88746C2858D933007E15C6 /* UDC Judge II.mlmodelc */,
			);
			path = "Old Judge Models";
			sourceTree = "<group>";
		};
		AAF0A6292832F7E500E84330 = {
			isa = PBXGroup;
			children = (
				AAF0A69E2832F9F300E84330 /* README.md */,
				AAF0A6342832F7E500E84330 /* One Step Ahead */,
				AAF0A6452832F7E600E84330 /* One Step AheadTests */,
				AAF0A64F2832F7E600E84330 /* One Step AheadUITests */,
				AAF0A6332832F7E500E84330 /* Products */,
				AACF8B1F28396E1300D9025C /* Frameworks */,
			);
			sourceTree = "<group>";
		};
		AAF0A6332832F7E500E84330 /* Products */ = {
			isa = PBXGroup;
			children = (
				AAF0A6322832F7E500E84330 /* One Step Ahead.app */,
				AAF0A6422832F7E600E84330 /* One Step AheadTests.xctest */,
				AAF0A64C2832F7E600E84330 /* One Step AheadUITests.xctest */,
			);
			name = Products;
			sourceTree = "<group>";
		};
		AAF0A6342832F7E500E84330 /* One Step Ahead */ = {
			isa = PBXGroup;
			children = (
				AAF0A69C2832F9EA00E84330 /* MyApp.swift */,
				AAC000D92836BC1700C89FCE /* One-Step-Ahead-Info.plist */,
				AAB4F2E02854615100676EC4 /* One Step Ahead.entitlements */,
				AAF0A6392832F7E600E84330 /* Assets.xcassets */,
				AAF0A68A2832F9E200E84330 /* Models */,
				AAF0A6A22832F9F900E84330 /* Views */,
				AAF0A6912832F9E600E84330 /* Audio Files */,
				AAF0A65F2832F9DF00E84330 /* Helper Files */,
				AAC5D7532832FC070056E781 /* Preview Content */,
			);
			path = "One Step Ahead";
			sourceTree = "<group>";
		};
		AAF0A6452832F7E600E84330 /* One Step AheadTests */ = {
			isa = PBXGroup;
			children = (
				AAF0A6462832F7E600E84330 /* One_Step_AheadTests.swift */,
			);
			path = "One Step AheadTests";
			sourceTree = "<group>";
		};
		AAF0A64F2832F7E600E84330 /* One Step AheadUITests */ = {
			isa = PBXGroup;
			children = (
				AAF0A6502832F7E600E84330 /* One_Step_AheadUITests.swift */,
				AAF0A6522832F7E600E84330 /* One_Step_AheadUITestsLaunchTests.swift */,
			);
			path = "One Step AheadUITests";
			sourceTree = "<group>";
		};
		AAF0A65F2832F9DF00E84330 /* Helper Files */ = {
			isa = PBXGroup;
			children = (
				AA9976CE2860C75D001E554B /* Roboto Mono.ttf */,
				AAF0A6602832F9DF00E84330 /* Data Helpers */,
				AAF0A6672832F9DF00E84330 /* SwiftUI Helpers */,
				AAF0A66C2832F9DF00E84330 /* SpriteKit UI Helpers */,
				AAF0A6732832F9DF00E84330 /* Drawing Judge Files */,
			);
			path = "Helper Files";
			sourceTree = "<group>";
		};
		AAF0A6602832F9DF00E84330 /* Data Helpers */ = {
			isa = PBXGroup;
			children = (
				AAF0A6612832F9DF00E84330 /* MLServices.swift */,
				AAF0A6622832F9DF00E84330 /* DiskServices.swift */,
				AAF0A6632832F9DF00E84330 /* ColorServices.swift */,
				AAF0A6642832F9DF00E84330 /* ImageServices.swift */,
				AAF0A6652832F9DF00E84330 /* MathServices.swift */,
				AAF0A6662832F9DF00E84330 /* AudioServices.swift */,
				AA6835D8283F386A0024B859 /* SeededGenerator.swift */,
				AABCEB01284D3BE600A733E5 /* GameCenterServices.swift */,
				AAB4724C2855779B00DD76B7 /* MKiCloudSync */,
				AAB1992228551E3B0073DCD7 /* Zephyr.swift */,
			);
			path = "Data Helpers";
			sourceTree = "<group>";
		};
		AAF0A6672832F9DF00E84330 /* SwiftUI Helpers */ = {
			isa = PBXGroup;
			children = (
				AAF0A6682832F9DF00E84330 /* RotatingSquare.swift */,
				AAF0A6692832F9DF00E84330 /* CanvasView.swift */,
				AAF0A66A2832F9DF00E84330 /* RectangleWrapper.swift */,
				AAF0A66B2832F9DF00E84330 /* HidingServices.swift */,
				AAC000DC2836BD3B00C89FCE /* ProgressCircleView.swift */,
				AACF8B22283971F000D9025C /* GameCenterAuthenticationController.swift */,
				AACF8B262839B98200D9025C /* GameCenterDashboardView.swift */,
				AA7061AC285185A900F8A2E5 /* SendMailView.swift */,
				AAC5A15328795C5100582ABA /* ShareSheetView.swift */,
				AAC82AC5287A080A00337E2E /* RoundedCornerServices.swift */,
			);
			path = "SwiftUI Helpers";
			sourceTree = "<group>";
		};
		AAF0A66C2832F9DF00E84330 /* SpriteKit UI Helpers */ = {
			isa = PBXGroup;
			children = (
				AAB5313B285C1A8300C8AFB5 /* Original Graphics */,
				AAB53133285C1A8300C8AFB5 /* iOS Graphics */,
			);
			path = "SpriteKit UI Helpers";
			sourceTree = "<group>";
		};
		AAF0A6732832F9DF00E84330 /* Drawing Judge Files */ = {
			isa = PBXGroup;
			children = (
				AAF0A6752832F9DF00E84330 /* ImagePredictor.swift */,
				AAF0A6762832F9DF00E84330 /* Drawing_Judge_Model.swift */,
				AAF0921F286023C300F6925C /* Old Judge Models */,
				AAF09216286022CA00F6925C /* Super Drawing Judge */,
			);
			path = "Drawing Judge Files";
			sourceTree = "<group>";
		};
		AAF0A68A2832F9E200E84330 /* Models */ = {
			isa = PBXGroup;
			children = (
				AA6835E0283F3CEB0024B859 /* Enumerations */,
				AAF0A68B2832F9E200E84330 /* Tip.swift */,
				AAF0A68C2832F9E200E84330 /* GameState.swift */,
				AA82CEF9283B1DD2003FC070 /* VersusGameState.swift */,
				AA82CEFB283B1E4A003FC070 /* VersusPlayerState.swift */,
				AA6835DA283F3C630024B859 /* MatchRules.swift */,
				AAF0A68D2832F9E200E84330 /* Task.swift */,
				AAC000E5283731C400C89FCE /* UserTaskRecords.swift */,
				AAC82AC3287A01B600337E2E /* Drawing.swift */,
			);
			path = Models;
			sourceTree = "<group>";
		};
		AAF0A6912832F9E600E84330 /* Audio Files */ = {
			isa = PBXGroup;
			children = (
				AAB472562855815700DD76B7 /* Lounge Drum and Bass.mp3 */,
				AAFED0C92855B1DF0066B2CD /* Lounge Drum and Bass (Spaced).mp3 */,
				AAB4725A2855815700DD76B7 /* Space Chillout.mp3 */,
				AAB472662855815C00DD76B7 /* Battle Themes */,
				AAB472512855811800DD76B7 /* Sound Effects */,
				AAB472532855813E00DD76B7 /* Version 1.0 Music */,
			);
			path = "Audio Files";
			sourceTree = "<group>";
		};
		AAF0A6A22832F9F900E84330 /* Views */ = {
			isa = PBXGroup;
			children = (
				AAF0A6A92832F9F900E84330 /* TitleScreenView.swift */,
				AAF0A6A32832F9F900E84330 /* MainMenuView.swift */,
				AACF8B242839A68D00D9025C /* GameCenterInfoView.swift */,
				AAF0A6AB2832F9F900E84330 /* Tutorial Game Views */,
				AAF0A6AA2832F9F900E84330 /* NewGameMenuView.swift */,
				AAF0A6A42832F9F900E84330 /* Game Views */,
				AAC5A1552879601600582ABA /* DrawingCentralUploadView.swift */,
				AAC82AC12879FD8600337E2E /* DrawingCentralView.swift */,
				AAC000E028371E8500C89FCE /* Gallery Views */,
				AA1B82E92853D9C800C6A192 /* Settings Views */,
			);
			path = Views;
			sourceTree = "<group>";
		};
		AAF0A6A42832F9F900E84330 /* Game Views */ = {
			isa = PBXGroup;
			children = (
				AAF0A6A52832F9F900E84330 /* GameView.swift */,
				AAF0A6A62832F9F900E84330 /* GameEndView.swift */,
				AAF0A6A72832F9F900E84330 /* PlayerScoresView.swift */,
			);
			path = "Game Views";
			sourceTree = "<group>";
		};
		AAF0A6AB2832F9F900E84330 /* Tutorial Game Views */ = {
			isa = PBXGroup;
			children = (
				AAF0A6AC2832F9F900E84330 /* BackstoryView.swift */,
				AAF0A6AD2832F9F900E84330 /* TutorialGameView.swift */,
				AAF0A6AE2832F9F900E84330 /* TutorialGameEndView.swift */,
			);
			path = "Tutorial Game Views";
			sourceTree = "<group>";
		};
/* End PBXGroup section */

/* Begin PBXNativeTarget section */
		AAF0A6312832F7E500E84330 /* One Step Ahead */ = {
			isa = PBXNativeTarget;
			buildConfigurationList = AAF0A6562832F7E600E84330 /* Build configuration list for PBXNativeTarget "One Step Ahead" */;
			buildPhases = (
				AAF0A62E2832F7E500E84330 /* Sources */,
				AAF0A62F2832F7E500E84330 /* Frameworks */,
				AAF0A6302832F7E500E84330 /* Resources */,
			);
			buildRules = (
			);
			dependencies = (
			);
			name = "One Step Ahead";
			productName = "One Step Ahead";
			productReference = AAF0A6322832F7E500E84330 /* One Step Ahead.app */;
			productType = "com.apple.product-type.application";
		};
		AAF0A6412832F7E600E84330 /* One Step AheadTests */ = {
			isa = PBXNativeTarget;
			buildConfigurationList = AAF0A6592832F7E600E84330 /* Build configuration list for PBXNativeTarget "One Step AheadTests" */;
			buildPhases = (
				AAF0A63E2832F7E600E84330 /* Sources */,
				AAF0A63F2832F7E600E84330 /* Frameworks */,
				AAF0A6402832F7E600E84330 /* Resources */,
			);
			buildRules = (
			);
			dependencies = (
				AAF0A6442832F7E600E84330 /* PBXTargetDependency */,
			);
			name = "One Step AheadTests";
			productName = "One Step AheadTests";
			productReference = AAF0A6422832F7E600E84330 /* One Step AheadTests.xctest */;
			productType = "com.apple.product-type.bundle.unit-test";
		};
		AAF0A64B2832F7E600E84330 /* One Step AheadUITests */ = {
			isa = PBXNativeTarget;
			buildConfigurationList = AAF0A65C2832F7E600E84330 /* Build configuration list for PBXNativeTarget "One Step AheadUITests" */;
			buildPhases = (
				AAF0A6482832F7E600E84330 /* Sources */,
				AAF0A6492832F7E600E84330 /* Frameworks */,
				AAF0A64A2832F7E600E84330 /* Resources */,
			);
			buildRules = (
			);
			dependencies = (
				AAF0A64E2832F7E600E84330 /* PBXTargetDependency */,
			);
			name = "One Step AheadUITests";
			productName = "One Step AheadUITests";
			productReference = AAF0A64C2832F7E600E84330 /* One Step AheadUITests.xctest */;
			productType = "com.apple.product-type.bundle.ui-testing";
		};
/* End PBXNativeTarget section */

/* Begin PBXProject section */
		AAF0A62A2832F7E500E84330 /* Project object */ = {
			isa = PBXProject;
			attributes = {
				BuildIndependentTargetsInParallel = 1;
				LastSwiftUpdateCheck = 1330;
				LastUpgradeCheck = 1330;
				TargetAttributes = {
					AAF0A6312832F7E500E84330 = {
						CreatedOnToolsVersion = 13.3.1;
						LastSwiftMigration = 1340;
					};
					AAF0A6412832F7E600E84330 = {
						CreatedOnToolsVersion = 13.3.1;
						TestTargetID = AAF0A6312832F7E500E84330;
					};
					AAF0A64B2832F7E600E84330 = {
						CreatedOnToolsVersion = 13.3.1;
						TestTargetID = AAF0A6312832F7E500E84330;
					};
				};
			};
			buildConfigurationList = AAF0A62D2832F7E500E84330 /* Build configuration list for PBXProject "One Step Ahead" */;
			compatibilityVersion = "Xcode 13.0";
			developmentRegion = en;
			hasScannedForEncodings = 0;
			knownRegions = (
				en,
				Base,
			);
			mainGroup = AAF0A6292832F7E500E84330;
			productRefGroup = AAF0A6332832F7E500E84330 /* Products */;
			projectDirPath = "";
			projectRoot = "";
			targets = (
				AAF0A6312832F7E500E84330 /* One Step Ahead */,
				AAF0A6412832F7E600E84330 /* One Step AheadTests */,
				AAF0A64B2832F7E600E84330 /* One Step AheadUITests */,
			);
		};
/* End PBXProject section */

/* Begin PBXResourcesBuildPhase section */
		AAF0A6302832F7E500E84330 /* Resources */ = {
			isa = PBXResourcesBuildPhase;
			buildActionMask = 2147483647;
			files = (
				AAB53145285C1A8300C8AFB5 /* iOS Gallery View Graphics.sks in Resources */,
				AAB53148285C1A8300C8AFB5 /* iOS Backstory View Graphics.sks in Resources */,
				AAB4F2DA285454C500676EC4 /* The Big Beat 80s.wav in Resources */,
				AAB5314C285C1A8300C8AFB5 /* Gallery View Graphics.sks in Resources */,
				AAB5314B285C1A8300C8AFB5 /* New Game Menu Graphics.sks in Resources */,
				AA057F692856E5BE00B9FAFA /* UDC Judge.mlmodelc in Resources */,
				AA215EF728341F0100D614DD /* Drawing Judge II.mlmodelc in Resources */,
				AAB472632855815700DD76B7 /* Space Chillout.mp3 in Resources */,
				AAB472642855815700DD76B7 /* Synthwave 80s.mp3 in Resources */,
				AAF0A69A2832F9E600E84330 /* Victory Jingle.mp3 in Resources */,
				AAF0A6982832F9E600E84330 /* Powerup!.mp3 in Resources */,
				AAB5314A285C1A8300C8AFB5 /* Game View Graphics.sks in Resources */,
				AA88746D2858D933007E15C6 /* UDC Judge II.mlmodelc in Resources */,
				AAB53150285C1A8300C8AFB5 /* Game End View Graphics.sks in Resources */,
				AAF0A63A2832F7E600E84330 /* Assets.xcassets in Resources */,
				AAB472602855815700DD76B7 /* Dancing Racoons.mp3 in Resources */,
				AAB4725E2855815700DD76B7 /* Protection of Me.mp3 in Resources */,
				AAB5314D285C1A8300C8AFB5 /* Main Menu Graphics.sks in Resources */,
				AAB53143285C1A8300C8AFB5 /* iOS Game View Graphics.sks in Resources */,
				AAF09228286023FA00F6925C /* Super Drawing Judge II.mlmodelc in Resources */,
				AAB53146285C1A8300C8AFB5 /* iOS Main Menu Graphics.sks in Resources */,
				AAB472622855815700DD76B7 /* Acceleron.mp3 in Resources */,
				AAC5D7552832FC070056E781 /* Preview Assets.xcassets in Resources */,
				AAFED0CA2855B1DF0066B2CD /* Lounge Drum and Bass (Spaced).mp3 in Resources */,
				AAB53149285C1A8300C8AFB5 /* iOS Game End View Graphics.sks in Resources */,
				AAB5314E285C1A8300C8AFB5 /* Title Screen Graphics.sks in Resources */,
				AAB5314F285C1A8300C8AFB5 /* Backstory View Graphics.sks in Resources */,
				AAF0A6972832F9E600E84330 /* Defeat Jingle.mp3 in Resources */,
				AAB472612855815700DD76B7 /* Scandinavianz Palmtrees.mp3 in Resources */,
				AAF0A69F2832F9F300E84330 /* README.md in Resources */,
				AAB53144285C1A8300C8AFB5 /* iOS New Game Menu Graphics.sks in Resources */,
				AAF09225286023FA00F6925C /* Super Drawing Judge I.mlmodelc in Resources */,
				AA215EF928341FB700D614DD /* Drawing Judge.mlmodelc in Resources */,
				AA9976CF2860C87A001E554B /* Roboto Mono.ttf in Resources */,
				AAF09226286023FA00F6925C /* Super Drawing Judge III.mlmodelc in Resources */,
				AAB4725D2855815700DD76B7 /* Autobahn.mp3 in Resources */,
				AAB53147285C1A8300C8AFB5 /* iOS Title Screen Graphics.sks in Resources */,
				AAF09227286023FA00F6925C /* Super Drawing Judge IV.mlmodelc in Resources */,
				AAB4725F2855815700DD76B7 /* Lounge Drum and Bass.mp3 in Resources */,
				AAF0A6992832F9E600E84330 /* Dun Dun Dun.wav in Resources */,
				AAB472652855815700DD76B7 /* Dragonfly.mp3 in Resources */,
				AAF0A69B2832F9E600E84330 /* The Big Beat 80s (Spaced).wav in Resources */,
			);
			runOnlyForDeploymentPostprocessing = 0;
		};
		AAF0A6402832F7E600E84330 /* Resources */ = {
			isa = PBXResourcesBuildPhase;
			buildActionMask = 2147483647;
			files = (
			);
			runOnlyForDeploymentPostprocessing = 0;
		};
		AAF0A64A2832F7E600E84330 /* Resources */ = {
			isa = PBXResourcesBuildPhase;
			buildActionMask = 2147483647;
			files = (
			);
			runOnlyForDeploymentPostprocessing = 0;
		};
/* End PBXResourcesBuildPhase section */

/* Begin PBXSourcesBuildPhase section */
		AAF0A62E2832F7E500E84330 /* Sources */ = {
			isa = PBXSourcesBuildPhase;
			buildActionMask = 2147483647;
			files = (
				AAB5CE6E28793FCE00DC8CBE /* SuperDrawingJudgeModel.swift in Sources */,
				AAF0A67D2832F9DF00E84330 /* RotatingSquare.swift in Sources */,
				AA6835D9283F386A0024B859 /* SeededGenerator.swift in Sources */,
				AAC000E228371EA100C89FCE /* TaskRectangleView.swift in Sources */,
				AAF0A6792832F9DF00E84330 /* ColorServices.swift in Sources */,
				AA82CEFA283B1DD2003FC070 /* VersusGameState.swift in Sources */,
				AA7061AD285185A900F8A2E5 /* SendMailView.swift in Sources */,
				AAF0A6B62832F9F900E84330 /* BackstoryView.swift in Sources */,
				AAF0A67E2832F9DF00E84330 /* CanvasView.swift in Sources */,
				AA1B82EE2853D9C800C6A192 /* LicensingDetailView.swift in Sources */,
				AA1B82ED2853D9C800C6A192 /* SettingsView.swift in Sources */,
				AAC82AC8287A1B4100337E2E /* CloudKitOperationStatus.swift in Sources */,
				AAC82AC22879FD8600337E2E /* DrawingCentralView.swift in Sources */,
				AA1B82EF2853D9C800C6A192 /* LicensingView.swift in Sources */,
				AAF0A67F2832F9DF00E84330 /* RectangleWrapper.swift in Sources */,
				AAF0A6B12832F9F900E84330 /* GameEndView.swift in Sources */,
				AAF0A67B2832F9DF00E84330 /* MathServices.swift in Sources */,
				AAF0A6882832F9DF00E84330 /* ImagePredictor.swift in Sources */,
				AAC000DD2836BD3B00C89FCE /* ProgressCircleView.swift in Sources */,
				AAF0A6B22832F9F900E84330 /* PlayerScoresView.swift in Sources */,
				AAF0A67C2832F9DF00E84330 /* AudioServices.swift in Sources */,
				AAF0A6B42832F9F900E84330 /* TitleScreenView.swift in Sources */,
				AAC000E428371EC300C89FCE /* TaskDetailView.swift in Sources */,
				AAC82AC6287A080A00337E2E /* RoundedCornerServices.swift in Sources */,
				AAA309AE2853E3D6007F4EC6 /* AssetType.swift in Sources */,
				AA6835DB283F3C630024B859 /* MatchRules.swift in Sources */,
				AAF0A6B72832F9F900E84330 /* TutorialGameView.swift in Sources */,
				AA82CEFC283B1E4A003FC070 /* VersusPlayerState.swift in Sources */,
				AAF0A6902832F9E200E84330 /* Task.swift in Sources */,
				AAC5A15428795C5100582ABA /* ShareSheetView.swift in Sources */,
				AAF0A68F2832F9E200E84330 /* GameState.swift in Sources */,
				AAF0A6802832F9DF00E84330 /* HidingServices.swift in Sources */,
				AAC82AC4287A01B600337E2E /* Drawing.swift in Sources */,
				AACF8B23283971F000D9025C /* GameCenterAuthenticationController.swift in Sources */,
				AACF8B252839A68D00D9025C /* GameCenterInfoView.swift in Sources */,
				AADED59E28387B19009558AC /* PracticeView.swift in Sources */,
				AAF0A67A2832F9DF00E84330 /* ImageServices.swift in Sources */,
				AAF0A6AF2832F9F900E84330 /* MainMenuView.swift in Sources */,
				AAB1992328551E3B0073DCD7 /* Zephyr.swift in Sources */,
				AA6835DF283F3CE70024B859 /* Difficulty.swift in Sources */,
				AACF8B272839B98200D9025C /* GameCenterDashboardView.swift in Sources */,
				AAF0A6B02832F9F900E84330 /* GameView.swift in Sources */,
				AAF0A6B82832F9F900E84330 /* TutorialGameEndView.swift in Sources */,
				AAB472502855780000DD76B7 /* MKiCloudSync.m in Sources */,
				AABCEB02284D3BE600A733E5 /* GameCenterServices.swift in Sources */,
				AAF0A6782832F9DF00E84330 /* DiskServices.swift in Sources */,
				AAF0A68E2832F9E200E84330 /* Tip.swift in Sources */,
				AAF0A6B52832F9F900E84330 /* NewGameMenuView.swift in Sources */,
				AAF0A69D2832F9EA00E84330 /* MyApp.swift in Sources */,
				AAF0A6892832F9DF00E84330 /* Drawing_Judge_Model.swift in Sources */,
				AAC5A1562879601600582ABA /* DrawingCentralUploadView.swift in Sources */,
				AA6835DD283F3CE20024B859 /* GameMode.swift in Sources */,
				AAC000DB2836BCBC00C89FCE /* GalleryView.swift in Sources */,
				AAF0A6772832F9DF00E84330 /* MLServices.swift in Sources */,
				AAC000E6283731C400C89FCE /* UserTaskRecords.swift in Sources */,
			);
			runOnlyForDeploymentPostprocessing = 0;
		};
		AAF0A63E2832F7E600E84330 /* Sources */ = {
			isa = PBXSourcesBuildPhase;
			buildActionMask = 2147483647;
			files = (
				AAF0A6472832F7E600E84330 /* One_Step_AheadTests.swift in Sources */,
			);
			runOnlyForDeploymentPostprocessing = 0;
		};
		AAF0A6482832F7E600E84330 /* Sources */ = {
			isa = PBXSourcesBuildPhase;
			buildActionMask = 2147483647;
			files = (
				AAF0A6512832F7E600E84330 /* One_Step_AheadUITests.swift in Sources */,
				AAF0A6532832F7E600E84330 /* One_Step_AheadUITestsLaunchTests.swift in Sources */,
			);
			runOnlyForDeploymentPostprocessing = 0;
		};
/* End PBXSourcesBuildPhase section */

/* Begin PBXTargetDependency section */
		AAF0A6442832F7E600E84330 /* PBXTargetDependency */ = {
			isa = PBXTargetDependency;
			target = AAF0A6312832F7E500E84330 /* One Step Ahead */;
			targetProxy = AAF0A6432832F7E600E84330 /* PBXContainerItemProxy */;
		};
		AAF0A64E2832F7E600E84330 /* PBXTargetDependency */ = {
			isa = PBXTargetDependency;
			target = AAF0A6312832F7E500E84330 /* One Step Ahead */;
			targetProxy = AAF0A64D2832F7E600E84330 /* PBXContainerItemProxy */;
		};
/* End PBXTargetDependency section */

/* Begin XCBuildConfiguration section */
		AAF0A6542832F7E600E84330 /* Debug */ = {
			isa = XCBuildConfiguration;
			buildSettings = {
				ALWAYS_SEARCH_USER_PATHS = NO;
				CLANG_ANALYZER_NONNULL = YES;
				CLANG_ANALYZER_NUMBER_OBJECT_CONVERSION = YES_AGGRESSIVE;
				CLANG_CXX_LANGUAGE_STANDARD = "gnu++17";
				CLANG_ENABLE_MODULES = YES;
				CLANG_ENABLE_OBJC_ARC = YES;
				CLANG_ENABLE_OBJC_WEAK = YES;
				CLANG_WARN_BLOCK_CAPTURE_AUTORELEASING = YES;
				CLANG_WARN_BOOL_CONVERSION = YES;
				CLANG_WARN_COMMA = YES;
				CLANG_WARN_CONSTANT_CONVERSION = YES;
				CLANG_WARN_DEPRECATED_OBJC_IMPLEMENTATIONS = YES;
				CLANG_WARN_DIRECT_OBJC_ISA_USAGE = YES_ERROR;
				CLANG_WARN_DOCUMENTATION_COMMENTS = YES;
				CLANG_WARN_EMPTY_BODY = YES;
				CLANG_WARN_ENUM_CONVERSION = YES;
				CLANG_WARN_INFINITE_RECURSION = YES;
				CLANG_WARN_INT_CONVERSION = YES;
				CLANG_WARN_NON_LITERAL_NULL_CONVERSION = YES;
				CLANG_WARN_OBJC_IMPLICIT_RETAIN_SELF = YES;
				CLANG_WARN_OBJC_LITERAL_CONVERSION = YES;
				CLANG_WARN_OBJC_ROOT_CLASS = YES_ERROR;
				CLANG_WARN_QUOTED_INCLUDE_IN_FRAMEWORK_HEADER = YES;
				CLANG_WARN_RANGE_LOOP_ANALYSIS = YES;
				CLANG_WARN_STRICT_PROTOTYPES = YES;
				CLANG_WARN_SUSPICIOUS_MOVE = YES;
				CLANG_WARN_UNGUARDED_AVAILABILITY = YES_AGGRESSIVE;
				CLANG_WARN_UNREACHABLE_CODE = YES;
				CLANG_WARN__DUPLICATE_METHOD_MATCH = YES;
				COPY_PHASE_STRIP = NO;
				DEBUG_INFORMATION_FORMAT = dwarf;
				ENABLE_STRICT_OBJC_MSGSEND = YES;
				ENABLE_TESTABILITY = YES;
				GCC_C_LANGUAGE_STANDARD = gnu11;
				GCC_DYNAMIC_NO_PIC = NO;
				GCC_NO_COMMON_BLOCKS = YES;
				GCC_OPTIMIZATION_LEVEL = 0;
				GCC_PREPROCESSOR_DEFINITIONS = (
					"DEBUG=1",
					"$(inherited)",
				);
				GCC_WARN_64_TO_32_BIT_CONVERSION = YES;
				GCC_WARN_ABOUT_RETURN_TYPE = YES_ERROR;
				GCC_WARN_UNDECLARED_SELECTOR = YES;
				GCC_WARN_UNINITIALIZED_AUTOS = YES_AGGRESSIVE;
				GCC_WARN_UNUSED_FUNCTION = YES;
				GCC_WARN_UNUSED_VARIABLE = YES;
				IPHONEOS_DEPLOYMENT_TARGET = 15.4;
				MTL_ENABLE_DEBUG_INFO = INCLUDE_SOURCE;
				MTL_FAST_MATH = YES;
				ONLY_ACTIVE_ARCH = YES;
				SDKROOT = iphoneos;
				SWIFT_ACTIVE_COMPILATION_CONDITIONS = DEBUG;
				SWIFT_OPTIMIZATION_LEVEL = "-Onone";
			};
			name = Debug;
		};
		AAF0A6552832F7E600E84330 /* Release */ = {
			isa = XCBuildConfiguration;
			buildSettings = {
				ALWAYS_SEARCH_USER_PATHS = NO;
				CLANG_ANALYZER_NONNULL = YES;
				CLANG_ANALYZER_NUMBER_OBJECT_CONVERSION = YES_AGGRESSIVE;
				CLANG_CXX_LANGUAGE_STANDARD = "gnu++17";
				CLANG_ENABLE_MODULES = YES;
				CLANG_ENABLE_OBJC_ARC = YES;
				CLANG_ENABLE_OBJC_WEAK = YES;
				CLANG_WARN_BLOCK_CAPTURE_AUTORELEASING = YES;
				CLANG_WARN_BOOL_CONVERSION = YES;
				CLANG_WARN_COMMA = YES;
				CLANG_WARN_CONSTANT_CONVERSION = YES;
				CLANG_WARN_DEPRECATED_OBJC_IMPLEMENTATIONS = YES;
				CLANG_WARN_DIRECT_OBJC_ISA_USAGE = YES_ERROR;
				CLANG_WARN_DOCUMENTATION_COMMENTS = YES;
				CLANG_WARN_EMPTY_BODY = YES;
				CLANG_WARN_ENUM_CONVERSION = YES;
				CLANG_WARN_INFINITE_RECURSION = YES;
				CLANG_WARN_INT_CONVERSION = YES;
				CLANG_WARN_NON_LITERAL_NULL_CONVERSION = YES;
				CLANG_WARN_OBJC_IMPLICIT_RETAIN_SELF = YES;
				CLANG_WARN_OBJC_LITERAL_CONVERSION = YES;
				CLANG_WARN_OBJC_ROOT_CLASS = YES_ERROR;
				CLANG_WARN_QUOTED_INCLUDE_IN_FRAMEWORK_HEADER = YES;
				CLANG_WARN_RANGE_LOOP_ANALYSIS = YES;
				CLANG_WARN_STRICT_PROTOTYPES = YES;
				CLANG_WARN_SUSPICIOUS_MOVE = YES;
				CLANG_WARN_UNGUARDED_AVAILABILITY = YES_AGGRESSIVE;
				CLANG_WARN_UNREACHABLE_CODE = YES;
				CLANG_WARN__DUPLICATE_METHOD_MATCH = YES;
				COPY_PHASE_STRIP = NO;
				DEBUG_INFORMATION_FORMAT = "dwarf-with-dsym";
				ENABLE_NS_ASSERTIONS = NO;
				ENABLE_STRICT_OBJC_MSGSEND = YES;
				GCC_C_LANGUAGE_STANDARD = gnu11;
				GCC_NO_COMMON_BLOCKS = YES;
				GCC_WARN_64_TO_32_BIT_CONVERSION = YES;
				GCC_WARN_ABOUT_RETURN_TYPE = YES_ERROR;
				GCC_WARN_UNDECLARED_SELECTOR = YES;
				GCC_WARN_UNINITIALIZED_AUTOS = YES_AGGRESSIVE;
				GCC_WARN_UNUSED_FUNCTION = YES;
				GCC_WARN_UNUSED_VARIABLE = YES;
				IPHONEOS_DEPLOYMENT_TARGET = 15.4;
				MTL_ENABLE_DEBUG_INFO = NO;
				MTL_FAST_MATH = YES;
				SDKROOT = iphoneos;
				SWIFT_COMPILATION_MODE = wholemodule;
				SWIFT_OPTIMIZATION_LEVEL = "-O";
				VALIDATE_PRODUCT = YES;
			};
			name = Release;
		};
		AAF0A6572832F7E600E84330 /* Debug */ = {
			isa = XCBuildConfiguration;
			buildSettings = {
				ASSETCATALOG_COMPILER_APPICON_NAME = AppIcon;
				ASSETCATALOG_COMPILER_GLOBAL_ACCENT_COLOR_NAME = AccentColor;
				CLANG_ENABLE_MODULES = YES;
				CODE_SIGN_ENTITLEMENTS = "One Step Ahead/One Step Ahead.entitlements";
				CODE_SIGN_IDENTITY = "Apple Development";
				"CODE_SIGN_IDENTITY[sdk=macosx*]" = "Apple Development";
				CODE_SIGN_STYLE = Automatic;
				CURRENT_PROJECT_VERSION = 1;
				DEVELOPMENT_ASSET_PATHS = "\"One Step Ahead/Preview Content\"";
				DEVELOPMENT_TEAM = GUDZ7ALN9J;
				ENABLE_PREVIEWS = YES;
				GENERATE_INFOPLIST_FILE = YES;
				INFOPLIST_FILE = "One-Step-Ahead-Info.plist";
				INFOPLIST_KEY_UIApplicationSupportsIndirectInputEvents = YES;
				INFOPLIST_KEY_UILaunchScreen_Generation = YES;
				INFOPLIST_KEY_UIRequiredDeviceCapabilities = gamekit;
				INFOPLIST_KEY_UIRequiresFullScreen = YES;
				INFOPLIST_KEY_UIStatusBarHidden = YES;
				INFOPLIST_KEY_UISupportedInterfaceOrientations = "UIInterfaceOrientationLandscapeLeft UIInterfaceOrientationLandscapeRight";
				INFOPLIST_KEY_UISupportedInterfaceOrientations_iPad = "UIInterfaceOrientationLandscapeLeft UIInterfaceOrientationLandscapeRight";
				INFOPLIST_KEY_UISupportedInterfaceOrientations_iPhone = "UIInterfaceOrientationLandscapeLeft UIInterfaceOrientationLandscapeRight";
				INFOPLIST_KEY_UIUserInterfaceStyle = Dark;
				LD_RUNPATH_SEARCH_PATHS = (
					"$(inherited)",
					"@executable_path/Frameworks",
				);
				MARKETING_VERSION = 1.1;
				PRODUCT_BUNDLE_IDENTIFIER = "Ethan-Marshall.One-Step-Ahead";
				PRODUCT_NAME = "$(TARGET_NAME)";
				PROVISIONING_PROFILE_SPECIFIER = "";
				"PROVISIONING_PROFILE_SPECIFIER[sdk=macosx*]" = "";
				SUPPORTS_MACCATALYST = YES;
				SUPPORTS_MAC_DESIGNED_FOR_IPHONE_IPAD = YES;
				SWIFT_EMIT_LOC_STRINGS = YES;
				SWIFT_OBJC_BRIDGING_HEADER = "One Step Ahead/Helper Files/Data Helpers/MKiCloudSync/One Step Ahead-Bridging-Header.h";
				SWIFT_OPTIMIZATION_LEVEL = "-Onone";
				SWIFT_VERSION = 5.0;
				TARGETED_DEVICE_FAMILY = "1,2";
			};
			name = Debug;
		};
		AAF0A6582832F7E600E84330 /* Release */ = {
			isa = XCBuildConfiguration;
			buildSettings = {
				ASSETCATALOG_COMPILER_APPICON_NAME = AppIcon;
				ASSETCATALOG_COMPILER_GLOBAL_ACCENT_COLOR_NAME = AccentColor;
				CLANG_ENABLE_MODULES = YES;
				CODE_SIGN_ENTITLEMENTS = "One Step Ahead/One Step Ahead.entitlements";
				CODE_SIGN_IDENTITY = "Apple Development";
				"CODE_SIGN_IDENTITY[sdk=macosx*]" = "Apple Development";
				CODE_SIGN_STYLE = Automatic;
				CURRENT_PROJECT_VERSION = 1;
				DEVELOPMENT_ASSET_PATHS = "\"One Step Ahead/Preview Content\"";
				DEVELOPMENT_TEAM = GUDZ7ALN9J;
				ENABLE_PREVIEWS = YES;
				GENERATE_INFOPLIST_FILE = YES;
				INFOPLIST_FILE = "One-Step-Ahead-Info.plist";
				INFOPLIST_KEY_UIApplicationSupportsIndirectInputEvents = YES;
				INFOPLIST_KEY_UILaunchScreen_Generation = YES;
				INFOPLIST_KEY_UIRequiredDeviceCapabilities = gamekit;
				INFOPLIST_KEY_UIRequiresFullScreen = YES;
				INFOPLIST_KEY_UIStatusBarHidden = YES;
				INFOPLIST_KEY_UISupportedInterfaceOrientations = "UIInterfaceOrientationLandscapeLeft UIInterfaceOrientationLandscapeRight";
				INFOPLIST_KEY_UISupportedInterfaceOrientations_iPad = "UIInterfaceOrientationLandscapeLeft UIInterfaceOrientationLandscapeRight";
				INFOPLIST_KEY_UISupportedInterfaceOrientations_iPhone = "UIInterfaceOrientationLandscapeLeft UIInterfaceOrientationLandscapeRight";
				INFOPLIST_KEY_UIUserInterfaceStyle = Dark;
				LD_RUNPATH_SEARCH_PATHS = (
					"$(inherited)",
					"@executable_path/Frameworks",
				);
				MARKETING_VERSION = 1.1;
				PRODUCT_BUNDLE_IDENTIFIER = "Ethan-Marshall.One-Step-Ahead";
				PRODUCT_NAME = "$(TARGET_NAME)";
				PROVISIONING_PROFILE_SPECIFIER = "";
				"PROVISIONING_PROFILE_SPECIFIER[sdk=macosx*]" = "";
				SUPPORTS_MACCATALYST = YES;
				SUPPORTS_MAC_DESIGNED_FOR_IPHONE_IPAD = YES;
				SWIFT_EMIT_LOC_STRINGS = YES;
				SWIFT_OBJC_BRIDGING_HEADER = "One Step Ahead/Helper Files/Data Helpers/MKiCloudSync/One Step Ahead-Bridging-Header.h";
				SWIFT_VERSION = 5.0;
				TARGETED_DEVICE_FAMILY = "1,2";
			};
			name = Release;
		};
		AAF0A65A2832F7E600E84330 /* Debug */ = {
			isa = XCBuildConfiguration;
			buildSettings = {
				ALWAYS_EMBED_SWIFT_STANDARD_LIBRARIES = YES;
				BUNDLE_LOADER = "$(TEST_HOST)";
				CODE_SIGN_STYLE = Automatic;
				CURRENT_PROJECT_VERSION = 1;
				DEVELOPMENT_TEAM = GUDZ7ALN9J;
				GENERATE_INFOPLIST_FILE = YES;
				IPHONEOS_DEPLOYMENT_TARGET = 15.4;
				MARKETING_VERSION = 1.0;
				PRODUCT_BUNDLE_IDENTIFIER = "Ethan.One-Step-AheadTests";
				PRODUCT_NAME = "$(TARGET_NAME)";
				SWIFT_EMIT_LOC_STRINGS = NO;
				SWIFT_VERSION = 5.0;
				TARGETED_DEVICE_FAMILY = "1,2";
				TEST_HOST = "$(BUILT_PRODUCTS_DIR)/One Step Ahead.app/One Step Ahead";
			};
			name = Debug;
		};
		AAF0A65B2832F7E600E84330 /* Release */ = {
			isa = XCBuildConfiguration;
			buildSettings = {
				ALWAYS_EMBED_SWIFT_STANDARD_LIBRARIES = YES;
				BUNDLE_LOADER = "$(TEST_HOST)";
				CODE_SIGN_STYLE = Automatic;
				CURRENT_PROJECT_VERSION = 1;
				DEVELOPMENT_TEAM = GUDZ7ALN9J;
				GENERATE_INFOPLIST_FILE = YES;
				IPHONEOS_DEPLOYMENT_TARGET = 15.4;
				MARKETING_VERSION = 1.0;
				PRODUCT_BUNDLE_IDENTIFIER = "Ethan.One-Step-AheadTests";
				PRODUCT_NAME = "$(TARGET_NAME)";
				SWIFT_EMIT_LOC_STRINGS = NO;
				SWIFT_VERSION = 5.0;
				TARGETED_DEVICE_FAMILY = "1,2";
				TEST_HOST = "$(BUILT_PRODUCTS_DIR)/One Step Ahead.app/One Step Ahead";
			};
			name = Release;
		};
		AAF0A65D2832F7E600E84330 /* Debug */ = {
			isa = XCBuildConfiguration;
			buildSettings = {
				ALWAYS_EMBED_SWIFT_STANDARD_LIBRARIES = YES;
				CODE_SIGN_STYLE = Automatic;
				CURRENT_PROJECT_VERSION = 1;
				DEVELOPMENT_TEAM = GUDZ7ALN9J;
				GENERATE_INFOPLIST_FILE = YES;
				MARKETING_VERSION = 1.0;
				PRODUCT_BUNDLE_IDENTIFIER = "Ethan.One-Step-AheadUITests";
				PRODUCT_NAME = "$(TARGET_NAME)";
				SWIFT_EMIT_LOC_STRINGS = NO;
				SWIFT_VERSION = 5.0;
				TARGETED_DEVICE_FAMILY = "1,2";
				TEST_TARGET_NAME = "One Step Ahead";
			};
			name = Debug;
		};
		AAF0A65E2832F7E600E84330 /* Release */ = {
			isa = XCBuildConfiguration;
			buildSettings = {
				ALWAYS_EMBED_SWIFT_STANDARD_LIBRARIES = YES;
				CODE_SIGN_STYLE = Automatic;
				CURRENT_PROJECT_VERSION = 1;
				DEVELOPMENT_TEAM = GUDZ7ALN9J;
				GENERATE_INFOPLIST_FILE = YES;
				MARKETING_VERSION = 1.0;
				PRODUCT_BUNDLE_IDENTIFIER = "Ethan.One-Step-AheadUITests";
				PRODUCT_NAME = "$(TARGET_NAME)";
				SWIFT_EMIT_LOC_STRINGS = NO;
				SWIFT_VERSION = 5.0;
				TARGETED_DEVICE_FAMILY = "1,2";
				TEST_TARGET_NAME = "One Step Ahead";
			};
			name = Release;
		};
/* End XCBuildConfiguration section */

/* Begin XCConfigurationList section */
		AAF0A62D2832F7E500E84330 /* Build configuration list for PBXProject "One Step Ahead" */ = {
			isa = XCConfigurationList;
			buildConfigurations = (
				AAF0A6542832F7E600E84330 /* Debug */,
				AAF0A6552832F7E600E84330 /* Release */,
			);
			defaultConfigurationIsVisible = 0;
			defaultConfigurationName = Release;
		};
		AAF0A6562832F7E600E84330 /* Build configuration list for PBXNativeTarget "One Step Ahead" */ = {
			isa = XCConfigurationList;
			buildConfigurations = (
				AAF0A6572832F7E600E84330 /* Debug */,
				AAF0A6582832F7E600E84330 /* Release */,
			);
			defaultConfigurationIsVisible = 0;
			defaultConfigurationName = Release;
		};
		AAF0A6592832F7E600E84330 /* Build configuration list for PBXNativeTarget "One Step AheadTests" */ = {
			isa = XCConfigurationList;
			buildConfigurations = (
				AAF0A65A2832F7E600E84330 /* Debug */,
				AAF0A65B2832F7E600E84330 /* Release */,
			);
			defaultConfigurationIsVisible = 0;
			defaultConfigurationName = Release;
		};
		AAF0A65C2832F7E600E84330 /* Build configuration list for PBXNativeTarget "One Step AheadUITests" */ = {
			isa = XCConfigurationList;
			buildConfigurations = (
				AAF0A65D2832F7E600E84330 /* Debug */,
				AAF0A65E2832F7E600E84330 /* Release */,
			);
			defaultConfigurationIsVisible = 0;
			defaultConfigurationName = Release;
		};
/* End XCConfigurationList section */
	};
	rootObject = AAF0A62A2832F7E500E84330 /* Project object */;
}
