// !$*UTF8*$!
{
	archiveVersion = 1;
	classes = {
	};
	objectVersion = 55;
	objects = {

/* Begin PBXBuildFile section */
		AA215EF728341F0100D614DD /* Drawing Judge II.mlmodelc in Resources */ = {isa = PBXBuildFile; fileRef = AA215EF628341F0100D614DD /* Drawing Judge II.mlmodelc */; };
		AA215EF928341FB700D614DD /* Drawing Judge.mlmodelc in Resources */ = {isa = PBXBuildFile; fileRef = AA215EF828341FB700D614DD /* Drawing Judge.mlmodelc */; };
		AA82CEFA283B1DD2003FC070 /* VersusGameState.swift in Sources */ = {isa = PBXBuildFile; fileRef = AA82CEF9283B1DD2003FC070 /* VersusGameState.swift */; };
		AA82CEFC283B1E4A003FC070 /* VersusPlayerState.swift in Sources */ = {isa = PBXBuildFile; fileRef = AA82CEFB283B1E4A003FC070 /* VersusPlayerState.swift */; };
		AA82CF01283B20CF003FC070 /* GameCenterMatchmakerView.swift in Sources */ = {isa = PBXBuildFile; fileRef = AA82CF00283B20CF003FC070 /* GameCenterMatchmakerView.swift */; };
		AAC000DB2836BCBC00C89FCE /* GalleryView.swift in Sources */ = {isa = PBXBuildFile; fileRef = AAC000DA2836BCBC00C89FCE /* GalleryView.swift */; };
		AAC000DD2836BD3B00C89FCE /* ProgressCircleView.swift in Sources */ = {isa = PBXBuildFile; fileRef = AAC000DC2836BD3B00C89FCE /* ProgressCircleView.swift */; };
		AAC000DF28371D3A00C89FCE /* Gallery View Graphics.sks in Resources */ = {isa = PBXBuildFile; fileRef = AAC000DE28371D3900C89FCE /* Gallery View Graphics.sks */; };
		AAC000E228371EA100C89FCE /* TaskRectangleView.swift in Sources */ = {isa = PBXBuildFile; fileRef = AAC000E128371EA100C89FCE /* TaskRectangleView.swift */; };
		AAC000E428371EC300C89FCE /* TaskDetailView.swift in Sources */ = {isa = PBXBuildFile; fileRef = AAC000E328371EC300C89FCE /* TaskDetailView.swift */; };
		AAC000E6283731C400C89FCE /* UserTaskRecords.swift in Sources */ = {isa = PBXBuildFile; fileRef = AAC000E5283731C400C89FCE /* UserTaskRecords.swift */; };
		AAC5D7552832FC070056E781 /* Preview Assets.xcassets in Resources */ = {isa = PBXBuildFile; fileRef = AAC5D7542832FC070056E781 /* Preview Assets.xcassets */; };
		AACF8B1E2839627D00D9025C /* SettingsView.swift in Sources */ = {isa = PBXBuildFile; fileRef = AACF8B1D2839627D00D9025C /* SettingsView.swift */; };
		AACF8B2128396E1300D9025C /* GameKit.framework in Frameworks */ = {isa = PBXBuildFile; fileRef = AACF8B2028396E1300D9025C /* GameKit.framework */; };
		AACF8B23283971F000D9025C /* GameCenterAuthenticationController.swift in Sources */ = {isa = PBXBuildFile; fileRef = AACF8B22283971F000D9025C /* GameCenterAuthenticationController.swift */; };
		AACF8B252839A68D00D9025C /* GameCenterInfoView.swift in Sources */ = {isa = PBXBuildFile; fileRef = AACF8B242839A68D00D9025C /* GameCenterInfoView.swift */; };
		AACF8B272839B98200D9025C /* GameCenterDashboardView.swift in Sources */ = {isa = PBXBuildFile; fileRef = AACF8B262839B98200D9025C /* GameCenterDashboardView.swift */; };
		AADED59E28387B19009558AC /* PracticeView.swift in Sources */ = {isa = PBXBuildFile; fileRef = AADED59D28387B19009558AC /* PracticeView.swift */; };
		AAF0A63A2832F7E600E84330 /* Assets.xcassets in Resources */ = {isa = PBXBuildFile; fileRef = AAF0A6392832F7E600E84330 /* Assets.xcassets */; };
		AAF0A6472832F7E600E84330 /* One_Step_AheadTests.swift in Sources */ = {isa = PBXBuildFile; fileRef = AAF0A6462832F7E600E84330 /* One_Step_AheadTests.swift */; };
		AAF0A6512832F7E600E84330 /* One_Step_AheadUITests.swift in Sources */ = {isa = PBXBuildFile; fileRef = AAF0A6502832F7E600E84330 /* One_Step_AheadUITests.swift */; };
		AAF0A6532832F7E600E84330 /* One_Step_AheadUITestsLaunchTests.swift in Sources */ = {isa = PBXBuildFile; fileRef = AAF0A6522832F7E600E84330 /* One_Step_AheadUITestsLaunchTests.swift */; };
		AAF0A6772832F9DF00E84330 /* MLServices.swift in Sources */ = {isa = PBXBuildFile; fileRef = AAF0A6612832F9DF00E84330 /* MLServices.swift */; };
		AAF0A6782832F9DF00E84330 /* DiskServices.swift in Sources */ = {isa = PBXBuildFile; fileRef = AAF0A6622832F9DF00E84330 /* DiskServices.swift */; };
		AAF0A6792832F9DF00E84330 /* ColorServices.swift in Sources */ = {isa = PBXBuildFile; fileRef = AAF0A6632832F9DF00E84330 /* ColorServices.swift */; };
		AAF0A67A2832F9DF00E84330 /* ImageServices.swift in Sources */ = {isa = PBXBuildFile; fileRef = AAF0A6642832F9DF00E84330 /* ImageServices.swift */; };
		AAF0A67B2832F9DF00E84330 /* MathServices.swift in Sources */ = {isa = PBXBuildFile; fileRef = AAF0A6652832F9DF00E84330 /* MathServices.swift */; };
		AAF0A67C2832F9DF00E84330 /* AudioServices.swift in Sources */ = {isa = PBXBuildFile; fileRef = AAF0A6662832F9DF00E84330 /* AudioServices.swift */; };
		AAF0A67D2832F9DF00E84330 /* RotatingSquare.swift in Sources */ = {isa = PBXBuildFile; fileRef = AAF0A6682832F9DF00E84330 /* RotatingSquare.swift */; };
		AAF0A67E2832F9DF00E84330 /* CanvasView.swift in Sources */ = {isa = PBXBuildFile; fileRef = AAF0A6692832F9DF00E84330 /* CanvasView.swift */; };
		AAF0A67F2832F9DF00E84330 /* RectangleWrapper.swift in Sources */ = {isa = PBXBuildFile; fileRef = AAF0A66A2832F9DF00E84330 /* RectangleWrapper.swift */; };
		AAF0A6802832F9DF00E84330 /* HidingServices.swift in Sources */ = {isa = PBXBuildFile; fileRef = AAF0A66B2832F9DF00E84330 /* HidingServices.swift */; };
		AAF0A6812832F9DF00E84330 /* Game View Graphics.sks in Resources */ = {isa = PBXBuildFile; fileRef = AAF0A66D2832F9DF00E84330 /* Game View Graphics.sks */; };
		AAF0A6822832F9DF00E84330 /* New Game Menu Graphics.sks in Resources */ = {isa = PBXBuildFile; fileRef = AAF0A66E2832F9DF00E84330 /* New Game Menu Graphics.sks */; };
		AAF0A6832832F9DF00E84330 /* Main Menu Graphics.sks in Resources */ = {isa = PBXBuildFile; fileRef = AAF0A66F2832F9DF00E84330 /* Main Menu Graphics.sks */; };
		AAF0A6842832F9DF00E84330 /* Title Screen Graphics.sks in Resources */ = {isa = PBXBuildFile; fileRef = AAF0A6702832F9DF00E84330 /* Title Screen Graphics.sks */; };
		AAF0A6852832F9DF00E84330 /* Backstory View Graphics.sks in Resources */ = {isa = PBXBuildFile; fileRef = AAF0A6712832F9DF00E84330 /* Backstory View Graphics.sks */; };
		AAF0A6862832F9DF00E84330 /* Game End View Graphics.sks in Resources */ = {isa = PBXBuildFile; fileRef = AAF0A6722832F9DF00E84330 /* Game End View Graphics.sks */; };
		AAF0A6882832F9DF00E84330 /* ImagePredictor.swift in Sources */ = {isa = PBXBuildFile; fileRef = AAF0A6752832F9DF00E84330 /* ImagePredictor.swift */; };
		AAF0A6892832F9DF00E84330 /* Drawing_Judge_Model.swift in Sources */ = {isa = PBXBuildFile; fileRef = AAF0A6762832F9DF00E84330 /* Drawing_Judge_Model.swift */; };
		AAF0A68E2832F9E200E84330 /* Tip.swift in Sources */ = {isa = PBXBuildFile; fileRef = AAF0A68B2832F9E200E84330 /* Tip.swift */; };
		AAF0A68F2832F9E200E84330 /* GameState.swift in Sources */ = {isa = PBXBuildFile; fileRef = AAF0A68C2832F9E200E84330 /* GameState.swift */; };
		AAF0A6902832F9E200E84330 /* Task.swift in Sources */ = {isa = PBXBuildFile; fileRef = AAF0A68D2832F9E200E84330 /* Task.swift */; };
		AAF0A6972832F9E600E84330 /* Defeat Jingle.mp3 in Resources */ = {isa = PBXBuildFile; fileRef = AAF0A6922832F9E600E84330 /* Defeat Jingle.mp3 */; };
		AAF0A6982832F9E600E84330 /* Powerup!.mp3 in Resources */ = {isa = PBXBuildFile; fileRef = AAF0A6932832F9E600E84330 /* Powerup!.mp3 */; };
		AAF0A6992832F9E600E84330 /* Dun Dun Dun.wav in Resources */ = {isa = PBXBuildFile; fileRef = AAF0A6942832F9E600E84330 /* Dun Dun Dun.wav */; };
		AAF0A69A2832F9E600E84330 /* Victory Jingle.mp3 in Resources */ = {isa = PBXBuildFile; fileRef = AAF0A6952832F9E600E84330 /* Victory Jingle.mp3 */; };
		AAF0A69B2832F9E600E84330 /* The Big Beat 80s (Spaced).wav in Resources */ = {isa = PBXBuildFile; fileRef = AAF0A6962832F9E600E84330 /* The Big Beat 80s (Spaced).wav */; };
		AAF0A69D2832F9EA00E84330 /* MyApp.swift in Sources */ = {isa = PBXBuildFile; fileRef = AAF0A69C2832F9EA00E84330 /* MyApp.swift */; };
		AAF0A69F2832F9F300E84330 /* README.md in Resources */ = {isa = PBXBuildFile; fileRef = AAF0A69E2832F9F300E84330 /* README.md */; };
		AAF0A6AF2832F9F900E84330 /* MainMenuView.swift in Sources */ = {isa = PBXBuildFile; fileRef = AAF0A6A32832F9F900E84330 /* MainMenuView.swift */; };
		AAF0A6B02832F9F900E84330 /* GameView.swift in Sources */ = {isa = PBXBuildFile; fileRef = AAF0A6A52832F9F900E84330 /* GameView.swift */; };
		AAF0A6B12832F9F900E84330 /* GameEndView.swift in Sources */ = {isa = PBXBuildFile; fileRef = AAF0A6A62832F9F900E84330 /* GameEndView.swift */; };
		AAF0A6B22832F9F900E84330 /* PlayerScoresView.swift in Sources */ = {isa = PBXBuildFile; fileRef = AAF0A6A72832F9F900E84330 /* PlayerScoresView.swift */; };
		AAF0A6B32832F9F900E84330 /* AppInfoView.swift in Sources */ = {isa = PBXBuildFile; fileRef = AAF0A6A82832F9F900E84330 /* AppInfoView.swift */; };
		AAF0A6B42832F9F900E84330 /* TitleScreenView.swift in Sources */ = {isa = PBXBuildFile; fileRef = AAF0A6A92832F9F900E84330 /* TitleScreenView.swift */; };
		AAF0A6B52832F9F900E84330 /* NewGameMenuView.swift in Sources */ = {isa = PBXBuildFile; fileRef = AAF0A6AA2832F9F900E84330 /* NewGameMenuView.swift */; };
		AAF0A6B62832F9F900E84330 /* BackstoryView.swift in Sources */ = {isa = PBXBuildFile; fileRef = AAF0A6AC2832F9F900E84330 /* BackstoryView.swift */; };
		AAF0A6B72832F9F900E84330 /* TutorialGameView.swift in Sources */ = {isa = PBXBuildFile; fileRef = AAF0A6AD2832F9F900E84330 /* TutorialGameView.swift */; };
		AAF0A6B82832F9F900E84330 /* TutorialGameEndView.swift in Sources */ = {isa = PBXBuildFile; fileRef = AAF0A6AE2832F9F900E84330 /* TutorialGameEndView.swift */; };
		AAF5228E2839CFA70027E95B /* NewVersusGameMenuView.swift in Sources */ = {isa = PBXBuildFile; fileRef = AAF5228D2839CFA70027E95B /* NewVersusGameMenuView.swift */; };
/* End PBXBuildFile section */

/* Begin PBXContainerItemProxy section */
		AAF0A6432832F7E600E84330 /* PBXContainerItemProxy */ = {
			isa = PBXContainerItemProxy;
			containerPortal = AAF0A62A2832F7E500E84330 /* Project object */;
			proxyType = 1;
			remoteGlobalIDString = AAF0A6312832F7E500E84330;
			remoteInfo = "One Step Ahead";
		};
		AAF0A64D2832F7E600E84330 /* PBXContainerItemProxy */ = {
			isa = PBXContainerItemProxy;
			containerPortal = AAF0A62A2832F7E500E84330 /* Project object */;
			proxyType = 1;
			remoteGlobalIDString = AAF0A6312832F7E500E84330;
			remoteInfo = "One Step Ahead";
		};
/* End PBXContainerItemProxy section */

/* Begin PBXFileReference section */
		AA215EF628341F0100D614DD /* Drawing Judge II.mlmodelc */ = {isa = PBXFileReference; lastKnownFileType = wrapper; path = "Drawing Judge II.mlmodelc"; sourceTree = "<group>"; };
		AA215EF828341FB700D614DD /* Drawing Judge.mlmodelc */ = {isa = PBXFileReference; lastKnownFileType = wrapper; path = "Drawing Judge.mlmodelc"; sourceTree = "<group>"; };
		AA82CEF9283B1DD2003FC070 /* VersusGameState.swift */ = {isa = PBXFileReference; lastKnownFileType = sourcecode.swift; path = VersusGameState.swift; sourceTree = "<group>"; };
		AA82CEFB283B1E4A003FC070 /* VersusPlayerState.swift */ = {isa = PBXFileReference; lastKnownFileType = sourcecode.swift; path = VersusPlayerState.swift; sourceTree = "<group>"; };
		AA82CF00283B20CF003FC070 /* GameCenterMatchmakerView.swift */ = {isa = PBXFileReference; lastKnownFileType = sourcecode.swift; path = GameCenterMatchmakerView.swift; sourceTree = "<group>"; };
		AAC000D92836BC1700C89FCE /* One-Step-Ahead-Info.plist */ = {isa = PBXFileReference; lastKnownFileType = text.plist; path = "One-Step-Ahead-Info.plist"; sourceTree = SOURCE_ROOT; };
		AAC000DA2836BCBC00C89FCE /* GalleryView.swift */ = {isa = PBXFileReference; lastKnownFileType = sourcecode.swift; path = GalleryView.swift; sourceTree = "<group>"; };
		AAC000DC2836BD3B00C89FCE /* ProgressCircleView.swift */ = {isa = PBXFileReference; fileEncoding = 4; lastKnownFileType = sourcecode.swift; path = ProgressCircleView.swift; sourceTree = "<group>"; };
		AAC000DE28371D3900C89FCE /* Gallery View Graphics.sks */ = {isa = PBXFileReference; lastKnownFileType = file.sks; path = "Gallery View Graphics.sks"; sourceTree = "<group>"; };
		AAC000E128371EA100C89FCE /* TaskRectangleView.swift */ = {isa = PBXFileReference; lastKnownFileType = sourcecode.swift; path = TaskRectangleView.swift; sourceTree = "<group>"; };
		AAC000E328371EC300C89FCE /* TaskDetailView.swift */ = {isa = PBXFileReference; lastKnownFileType = sourcecode.swift; path = TaskDetailView.swift; sourceTree = "<group>"; };
		AAC000E5283731C400C89FCE /* UserTaskRecords.swift */ = {isa = PBXFileReference; lastKnownFileType = sourcecode.swift; path = UserTaskRecords.swift; sourceTree = "<group>"; };
		AAC5D7542832FC070056E781 /* Preview Assets.xcassets */ = {isa = PBXFileReference; lastKnownFileType = folder.assetcatalog; path = "Preview Assets.xcassets"; sourceTree = "<group>"; };
		AACF8B1D2839627D00D9025C /* SettingsView.swift */ = {isa = PBXFileReference; lastKnownFileType = sourcecode.swift; path = SettingsView.swift; sourceTree = "<group>"; };
		AACF8B2028396E1300D9025C /* GameKit.framework */ = {isa = PBXFileReference; lastKnownFileType = wrapper.framework; name = GameKit.framework; path = System/Library/Frameworks/GameKit.framework; sourceTree = SDKROOT; };
		AACF8B22283971F000D9025C /* GameCenterAuthenticationController.swift */ = {isa = PBXFileReference; lastKnownFileType = sourcecode.swift; path = GameCenterAuthenticationController.swift; sourceTree = "<group>"; };
		AACF8B242839A68D00D9025C /* GameCenterInfoView.swift */ = {isa = PBXFileReference; lastKnownFileType = sourcecode.swift; path = GameCenterInfoView.swift; sourceTree = "<group>"; };
		AACF8B262839B98200D9025C /* GameCenterDashboardView.swift */ = {isa = PBXFileReference; lastKnownFileType = sourcecode.swift; path = GameCenterDashboardView.swift; sourceTree = "<group>"; };
		AADED59D28387B19009558AC /* PracticeView.swift */ = {isa = PBXFileReference; lastKnownFileType = sourcecode.swift; path = PracticeView.swift; sourceTree = "<group>"; };
		AAF0A6322832F7E500E84330 /* One Step Ahead.app */ = {isa = PBXFileReference; explicitFileType = wrapper.application; includeInIndex = 0; path = "One Step Ahead.app"; sourceTree = BUILT_PRODUCTS_DIR; };
		AAF0A6392832F7E600E84330 /* Assets.xcassets */ = {isa = PBXFileReference; lastKnownFileType = folder.assetcatalog; path = Assets.xcassets; sourceTree = "<group>"; };
		AAF0A6422832F7E600E84330 /* One Step AheadTests.xctest */ = {isa = PBXFileReference; explicitFileType = wrapper.cfbundle; includeInIndex = 0; path = "One Step AheadTests.xctest"; sourceTree = BUILT_PRODUCTS_DIR; };
		AAF0A6462832F7E600E84330 /* One_Step_AheadTests.swift */ = {isa = PBXFileReference; lastKnownFileType = sourcecode.swift; path = One_Step_AheadTests.swift; sourceTree = "<group>"; };
		AAF0A64C2832F7E600E84330 /* One Step AheadUITests.xctest */ = {isa = PBXFileReference; explicitFileType = wrapper.cfbundle; includeInIndex = 0; path = "One Step AheadUITests.xctest"; sourceTree = BUILT_PRODUCTS_DIR; };
		AAF0A6502832F7E600E84330 /* One_Step_AheadUITests.swift */ = {isa = PBXFileReference; lastKnownFileType = sourcecode.swift; path = One_Step_AheadUITests.swift; sourceTree = "<group>"; };
		AAF0A6522832F7E600E84330 /* One_Step_AheadUITestsLaunchTests.swift */ = {isa = PBXFileReference; lastKnownFileType = sourcecode.swift; path = One_Step_AheadUITestsLaunchTests.swift; sourceTree = "<group>"; };
		AAF0A6612832F9DF00E84330 /* MLServices.swift */ = {isa = PBXFileReference; fileEncoding = 4; lastKnownFileType = sourcecode.swift; path = MLServices.swift; sourceTree = "<group>"; };
		AAF0A6622832F9DF00E84330 /* DiskServices.swift */ = {isa = PBXFileReference; fileEncoding = 4; lastKnownFileType = sourcecode.swift; path = DiskServices.swift; sourceTree = "<group>"; };
		AAF0A6632832F9DF00E84330 /* ColorServices.swift */ = {isa = PBXFileReference; fileEncoding = 4; lastKnownFileType = sourcecode.swift; path = ColorServices.swift; sourceTree = "<group>"; };
		AAF0A6642832F9DF00E84330 /* ImageServices.swift */ = {isa = PBXFileReference; fileEncoding = 4; lastKnownFileType = sourcecode.swift; path = ImageServices.swift; sourceTree = "<group>"; };
		AAF0A6652832F9DF00E84330 /* MathServices.swift */ = {isa = PBXFileReference; fileEncoding = 4; lastKnownFileType = sourcecode.swift; path = MathServices.swift; sourceTree = "<group>"; };
		AAF0A6662832F9DF00E84330 /* AudioServices.swift */ = {isa = PBXFileReference; fileEncoding = 4; lastKnownFileType = sourcecode.swift; path = AudioServices.swift; sourceTree = "<group>"; };
		AAF0A6682832F9DF00E84330 /* RotatingSquare.swift */ = {isa = PBXFileReference; fileEncoding = 4; lastKnownFileType = sourcecode.swift; path = RotatingSquare.swift; sourceTree = "<group>"; };
		AAF0A6692832F9DF00E84330 /* CanvasView.swift */ = {isa = PBXFileReference; fileEncoding = 4; lastKnownFileType = sourcecode.swift; path = CanvasView.swift; sourceTree = "<group>"; };
		AAF0A66A2832F9DF00E84330 /* RectangleWrapper.swift */ = {isa = PBXFileReference; fileEncoding = 4; lastKnownFileType = sourcecode.swift; path = RectangleWrapper.swift; sourceTree = "<group>"; };
		AAF0A66B2832F9DF00E84330 /* HidingServices.swift */ = {isa = PBXFileReference; fileEncoding = 4; lastKnownFileType = sourcecode.swift; path = HidingServices.swift; sourceTree = "<group>"; };
		AAF0A66D2832F9DF00E84330 /* Game View Graphics.sks */ = {isa = PBXFileReference; lastKnownFileType = file.sks; path = "Game View Graphics.sks"; sourceTree = "<group>"; };
		AAF0A66E2832F9DF00E84330 /* New Game Menu Graphics.sks */ = {isa = PBXFileReference; lastKnownFileType = file.sks; path = "New Game Menu Graphics.sks"; sourceTree = "<group>"; };
		AAF0A66F2832F9DF00E84330 /* Main Menu Graphics.sks */ = {isa = PBXFileReference; lastKnownFileType = file.sks; path = "Main Menu Graphics.sks"; sourceTree = "<group>"; };
		AAF0A6702832F9DF00E84330 /* Title Screen Graphics.sks */ = {isa = PBXFileReference; lastKnownFileType = file.sks; path = "Title Screen Graphics.sks"; sourceTree = "<group>"; };
		AAF0A6712832F9DF00E84330 /* Backstory View Graphics.sks */ = {isa = PBXFileReference; lastKnownFileType = file.sks; path = "Backstory View Graphics.sks"; sourceTree = "<group>"; };
		AAF0A6722832F9DF00E84330 /* Game End View Graphics.sks */ = {isa = PBXFileReference; lastKnownFileType = file.sks; path = "Game End View Graphics.sks"; sourceTree = "<group>"; };
		AAF0A6752832F9DF00E84330 /* ImagePredictor.swift */ = {isa = PBXFileReference; fileEncoding = 4; lastKnownFileType = sourcecode.swift; path = ImagePredictor.swift; sourceTree = "<group>"; };
		AAF0A6762832F9DF00E84330 /* Drawing_Judge_Model.swift */ = {isa = PBXFileReference; fileEncoding = 4; lastKnownFileType = sourcecode.swift; path = Drawing_Judge_Model.swift; sourceTree = "<group>"; };
		AAF0A68B2832F9E200E84330 /* Tip.swift */ = {isa = PBXFileReference; fileEncoding = 4; lastKnownFileType = sourcecode.swift; path = Tip.swift; sourceTree = "<group>"; };
		AAF0A68C2832F9E200E84330 /* GameState.swift */ = {isa = PBXFileReference; fileEncoding = 4; lastKnownFileType = sourcecode.swift; path = GameState.swift; sourceTree = "<group>"; };
		AAF0A68D2832F9E200E84330 /* Task.swift */ = {isa = PBXFileReference; fileEncoding = 4; lastKnownFileType = sourcecode.swift; path = Task.swift; sourceTree = "<group>"; };
		AAF0A6922832F9E600E84330 /* Defeat Jingle.mp3 */ = {isa = PBXFileReference; lastKnownFileType = audio.mp3; path = "Defeat Jingle.mp3"; sourceTree = "<group>"; };
		AAF0A6932832F9E600E84330 /* Powerup!.mp3 */ = {isa = PBXFileReference; lastKnownFileType = audio.mp3; path = "Powerup!.mp3"; sourceTree = "<group>"; };
		AAF0A6942832F9E600E84330 /* Dun Dun Dun.wav */ = {isa = PBXFileReference; lastKnownFileType = audio.wav; path = "Dun Dun Dun.wav"; sourceTree = "<group>"; };
		AAF0A6952832F9E600E84330 /* Victory Jingle.mp3 */ = {isa = PBXFileReference; lastKnownFileType = audio.mp3; path = "Victory Jingle.mp3"; sourceTree = "<group>"; };
		AAF0A6962832F9E600E84330 /* The Big Beat 80s (Spaced).wav */ = {isa = PBXFileReference; lastKnownFileType = audio.wav; path = "The Big Beat 80s (Spaced).wav"; sourceTree = "<group>"; };
		AAF0A69C2832F9EA00E84330 /* MyApp.swift */ = {isa = PBXFileReference; fileEncoding = 4; lastKnownFileType = sourcecode.swift; path = MyApp.swift; sourceTree = "<group>"; };
		AAF0A69E2832F9F300E84330 /* README.md */ = {isa = PBXFileReference; fileEncoding = 4; lastKnownFileType = net.daringfireball.markdown; path = README.md; sourceTree = "<group>"; };
		AAF0A6A32832F9F900E84330 /* MainMenuView.swift */ = {isa = PBXFileReference; fileEncoding = 4; lastKnownFileType = sourcecode.swift; path = MainMenuView.swift; sourceTree = "<group>"; };
		AAF0A6A52832F9F900E84330 /* GameView.swift */ = {isa = PBXFileReference; fileEncoding = 4; lastKnownFileType = sourcecode.swift; path = GameView.swift; sourceTree = "<group>"; };
		AAF0A6A62832F9F900E84330 /* GameEndView.swift */ = {isa = PBXFileReference; fileEncoding = 4; lastKnownFileType = sourcecode.swift; path = GameEndView.swift; sourceTree = "<group>"; };
		AAF0A6A72832F9F900E84330 /* PlayerScoresView.swift */ = {isa = PBXFileReference; fileEncoding = 4; lastKnownFileType = sourcecode.swift; path = PlayerScoresView.swift; sourceTree = "<group>"; };
		AAF0A6A82832F9F900E84330 /* AppInfoView.swift */ = {isa = PBXFileReference; fileEncoding = 4; lastKnownFileType = sourcecode.swift; path = AppInfoView.swift; sourceTree = "<group>"; };
		AAF0A6A92832F9F900E84330 /* TitleScreenView.swift */ = {isa = PBXFileReference; fileEncoding = 4; lastKnownFileType = sourcecode.swift; path = TitleScreenView.swift; sourceTree = "<group>"; };
		AAF0A6AA2832F9F900E84330 /* NewGameMenuView.swift */ = {isa = PBXFileReference; fileEncoding = 4; lastKnownFileType = sourcecode.swift; path = NewGameMenuView.swift; sourceTree = "<group>"; };
		AAF0A6AC2832F9F900E84330 /* BackstoryView.swift */ = {isa = PBXFileReference; fileEncoding = 4; lastKnownFileType = sourcecode.swift; path = BackstoryView.swift; sourceTree = "<group>"; };
		AAF0A6AD2832F9F900E84330 /* TutorialGameView.swift */ = {isa = PBXFileReference; fileEncoding = 4; lastKnownFileType = sourcecode.swift; path = TutorialGameView.swift; sourceTree = "<group>"; };
		AAF0A6AE2832F9F900E84330 /* TutorialGameEndView.swift */ = {isa = PBXFileReference; fileEncoding = 4; lastKnownFileType = sourcecode.swift; path = TutorialGameEndView.swift; sourceTree = "<group>"; };
		AAF5228D2839CFA70027E95B /* NewVersusGameMenuView.swift */ = {isa = PBXFileReference; lastKnownFileType = sourcecode.swift; path = NewVersusGameMenuView.swift; sourceTree = "<group>"; };
/* End PBXFileReference section */

/* Begin PBXFrameworksBuildPhase section */
		AAF0A62F2832F7E500E84330 /* Frameworks */ = {
			isa = PBXFrameworksBuildPhase;
			buildActionMask = 2147483647;
			files = (
				AACF8B2128396E1300D9025C /* GameKit.framework in Frameworks */,
			);
			runOnlyForDeploymentPostprocessing = 0;
		};
		AAF0A63F2832F7E600E84330 /* Frameworks */ = {
			isa = PBXFrameworksBuildPhase;
			buildActionMask = 2147483647;
			files = (
			);
			runOnlyForDeploymentPostprocessing = 0;
		};
		AAF0A6492832F7E600E84330 /* Frameworks */ = {
			isa = PBXFrameworksBuildPhase;
			buildActionMask = 2147483647;
			files = (
			);
			runOnlyForDeploymentPostprocessing = 0;
		};
/* End PBXFrameworksBuildPhase section */

/* Begin PBXGroup section */
		AA82CEFF283B208F003FC070 /* Versus Game Views */ = {
			isa = PBXGroup;
			children = (
				AA82CF00283B20CF003FC070 /* GameCenterMatchmakerView.swift */,
			);
			path = "Versus Game Views";
			sourceTree = "<group>";
		};
		AAC000E028371E8500C89FCE /* Gallery Views */ = {
			isa = PBXGroup;
			children = (
				AAC000DA2836BCBC00C89FCE /* GalleryView.swift */,
				AAC000E128371EA100C89FCE /* TaskRectangleView.swift */,
				AAC000E328371EC300C89FCE /* TaskDetailView.swift */,
				AADED59D28387B19009558AC /* PracticeView.swift */,
			);
			path = "Gallery Views";
			sourceTree = "<group>";
		};
		AAC5D7532832FC070056E781 /* Preview Content */ = {
			isa = PBXGroup;
			children = (
				AAC5D7542832FC070056E781 /* Preview Assets.xcassets */,
			);
			path = "Preview Content";
			sourceTree = "<group>";
		};
		AACF8B1F28396E1300D9025C /* Frameworks */ = {
			isa = PBXGroup;
			children = (
				AACF8B2028396E1300D9025C /* GameKit.framework */,
			);
			name = Frameworks;
			sourceTree = "<group>";
		};
		AAF0A6292832F7E500E84330 = {
			isa = PBXGroup;
			children = (
				AAF0A69E2832F9F300E84330 /* README.md */,
				AAF0A6342832F7E500E84330 /* One Step Ahead */,
				AAF0A6452832F7E600E84330 /* One Step AheadTests */,
				AAF0A64F2832F7E600E84330 /* One Step AheadUITests */,
				AAF0A6332832F7E500E84330 /* Products */,
				AACF8B1F28396E1300D9025C /* Frameworks */,
			);
			sourceTree = "<group>";
		};
		AAF0A6332832F7E500E84330 /* Products */ = {
			isa = PBXGroup;
			children = (
				AAF0A6322832F7E500E84330 /* One Step Ahead.app */,
				AAF0A6422832F7E600E84330 /* One Step AheadTests.xctest */,
				AAF0A64C2832F7E600E84330 /* One Step AheadUITests.xctest */,
			);
			name = Products;
			sourceTree = "<group>";
		};
		AAF0A6342832F7E500E84330 /* One Step Ahead */ = {
			isa = PBXGroup;
			children = (
				AAF0A69C2832F9EA00E84330 /* MyApp.swift */,
				AAC000D92836BC1700C89FCE /* One-Step-Ahead-Info.plist */,
				AAF0A6392832F7E600E84330 /* Assets.xcassets */,
				AAF0A68A2832F9E200E84330 /* Models */,
				AAF0A6A22832F9F900E84330 /* Views */,
				AAF0A6912832F9E600E84330 /* Music & Sound Effects */,
				AAF0A65F2832F9DF00E84330 /* Helper Files */,
				AAC5D7532832FC070056E781 /* Preview Content */,
			);
			path = "One Step Ahead";
			sourceTree = "<group>";
		};
		AAF0A6452832F7E600E84330 /* One Step AheadTests */ = {
			isa = PBXGroup;
			children = (
				AAF0A6462832F7E600E84330 /* One_Step_AheadTests.swift */,
			);
			path = "One Step AheadTests";
			sourceTree = "<group>";
		};
		AAF0A64F2832F7E600E84330 /* One Step AheadUITests */ = {
			isa = PBXGroup;
			children = (
				AAF0A6502832F7E600E84330 /* One_Step_AheadUITests.swift */,
				AAF0A6522832F7E600E84330 /* One_Step_AheadUITestsLaunchTests.swift */,
			);
			path = "One Step AheadUITests";
			sourceTree = "<group>";
		};
		AAF0A65F2832F9DF00E84330 /* Helper Files */ = {
			isa = PBXGroup;
			children = (
				AAF0A6602832F9DF00E84330 /* Data Helpers */,
				AAF0A6672832F9DF00E84330 /* SwiftUI Helpers */,
				AAF0A66C2832F9DF00E84330 /* SpriteKit UI Helpers */,
				AAF0A6732832F9DF00E84330 /* Drawing Judge Files */,
			);
			path = "Helper Files";
			sourceTree = "<group>";
		};
		AAF0A6602832F9DF00E84330 /* Data Helpers */ = {
			isa = PBXGroup;
			children = (
				AAF0A6612832F9DF00E84330 /* MLServices.swift */,
				AAF0A6622832F9DF00E84330 /* DiskServices.swift */,
				AAF0A6632832F9DF00E84330 /* ColorServices.swift */,
				AAF0A6642832F9DF00E84330 /* ImageServices.swift */,
				AAF0A6652832F9DF00E84330 /* MathServices.swift */,
				AAF0A6662832F9DF00E84330 /* AudioServices.swift */,
			);
			path = "Data Helpers";
			sourceTree = "<group>";
		};
		AAF0A6672832F9DF00E84330 /* SwiftUI Helpers */ = {
			isa = PBXGroup;
			children = (
				AAF0A6682832F9DF00E84330 /* RotatingSquare.swift */,
				AAF0A6692832F9DF00E84330 /* CanvasView.swift */,
				AAF0A66A2832F9DF00E84330 /* RectangleWrapper.swift */,
				AAF0A66B2832F9DF00E84330 /* HidingServices.swift */,
				AAC000DC2836BD3B00C89FCE /* ProgressCircleView.swift */,
				AACF8B22283971F000D9025C /* GameCenterAuthenticationController.swift */,
				AACF8B262839B98200D9025C /* GameCenterDashboardView.swift */,
			);
			path = "SwiftUI Helpers";
			sourceTree = "<group>";
		};
		AAF0A66C2832F9DF00E84330 /* SpriteKit UI Helpers */ = {
			isa = PBXGroup;
			children = (
				AAC000DE28371D3900C89FCE /* Gallery View Graphics.sks */,
				AAF0A66D2832F9DF00E84330 /* Game View Graphics.sks */,
				AAF0A66E2832F9DF00E84330 /* New Game Menu Graphics.sks */,
				AAF0A66F2832F9DF00E84330 /* Main Menu Graphics.sks */,
				AAF0A6702832F9DF00E84330 /* Title Screen Graphics.sks */,
				AAF0A6712832F9DF00E84330 /* Backstory View Graphics.sks */,
				AAF0A6722832F9DF00E84330 /* Game End View Graphics.sks */,
			);
			path = "SpriteKit UI Helpers";
			sourceTree = "<group>";
		};
		AAF0A6732832F9DF00E84330 /* Drawing Judge Files */ = {
			isa = PBXGroup;
			children = (
				AA215EF828341FB700D614DD /* Drawing Judge.mlmodelc */,
				AA215EF628341F0100D614DD /* Drawing Judge II.mlmodelc */,
				AAF0A6752832F9DF00E84330 /* ImagePredictor.swift */,
				AAF0A6762832F9DF00E84330 /* Drawing_Judge_Model.swift */,
			);
			path = "Drawing Judge Files";
			sourceTree = "<group>";
		};
		AAF0A68A2832F9E200E84330 /* Models */ = {
			isa = PBXGroup;
			children = (
				AAF0A68B2832F9E200E84330 /* Tip.swift */,
				AAF0A68C2832F9E200E84330 /* GameState.swift */,
				AA82CEF9283B1DD2003FC070 /* VersusGameState.swift */,
				AA82CEFB283B1E4A003FC070 /* VersusPlayerState.swift */,
				AAF0A68D2832F9E200E84330 /* Task.swift */,
				AAC000E5283731C400C89FCE /* UserTaskRecords.swift */,
			);
			path = Models;
			sourceTree = "<group>";
		};
		AAF0A6912832F9E600E84330 /* Music & Sound Effects */ = {
			isa = PBXGroup;
			children = (
				AAF0A6922832F9E600E84330 /* Defeat Jingle.mp3 */,
				AAF0A6932832F9E600E84330 /* Powerup!.mp3 */,
				AAF0A6942832F9E600E84330 /* Dun Dun Dun.wav */,
				AAF0A6952832F9E600E84330 /* Victory Jingle.mp3 */,
				AAF0A6962832F9E600E84330 /* The Big Beat 80s (Spaced).wav */,
			);
			path = "Music & Sound Effects";
			sourceTree = "<group>";
		};
		AAF0A6A22832F9F900E84330 /* Views */ = {
			isa = PBXGroup;
			children = (
				AAF0A6A92832F9F900E84330 /* TitleScreenView.swift */,
				AAF0A6A82832F9F900E84330 /* AppInfoView.swift */,
				AAF0A6A32832F9F900E84330 /* MainMenuView.swift */,
				AACF8B242839A68D00D9025C /* GameCenterInfoView.swift */,
				AAF0A6AB2832F9F900E84330 /* Tutorial Game Views */,
				AAF0A6AA2832F9F900E84330 /* NewGameMenuView.swift */,
				AAF0A6A42832F9F900E84330 /* Game Views */,
				AAF5228D2839CFA70027E95B /* NewVersusGameMenuView.swift */,
				AA82CEFF283B208F003FC070 /* Versus Game Views */,
				AAC000E028371E8500C89FCE /* Gallery Views */,
				AACF8B1D2839627D00D9025C /* SettingsView.swift */,
			);
			path = Views;
			sourceTree = "<group>";
		};
		AAF0A6A42832F9F900E84330 /* Game Views */ = {
			isa = PBXGroup;
			children = (
				AAF0A6A52832F9F900E84330 /* GameView.swift */,
				AAF0A6A62832F9F900E84330 /* GameEndView.swift */,
				AAF0A6A72832F9F900E84330 /* PlayerScoresView.swift */,
			);
			path = "Game Views";
			sourceTree = "<group>";
		};
		AAF0A6AB2832F9F900E84330 /* Tutorial Game Views */ = {
			isa = PBXGroup;
			children = (
				AAF0A6AC2832F9F900E84330 /* BackstoryView.swift */,
				AAF0A6AD2832F9F900E84330 /* TutorialGameView.swift */,
				AAF0A6AE2832F9F900E84330 /* TutorialGameEndView.swift */,
			);
			path = "Tutorial Game Views";
			sourceTree = "<group>";
		};
/* End PBXGroup section */

/* Begin PBXNativeTarget section */
		AAF0A6312832F7E500E84330 /* One Step Ahead */ = {
			isa = PBXNativeTarget;
			buildConfigurationList = AAF0A6562832F7E600E84330 /* Build configuration list for PBXNativeTarget "One Step Ahead" */;
			buildPhases = (
				AAF0A62E2832F7E500E84330 /* Sources */,
				AAF0A62F2832F7E500E84330 /* Frameworks */,
				AAF0A6302832F7E500E84330 /* Resources */,
			);
			buildRules = (
			);
			dependencies = (
			);
			name = "One Step Ahead";
			productName = "One Step Ahead";
			productReference = AAF0A6322832F7E500E84330 /* One Step Ahead.app */;
			productType = "com.apple.product-type.application";
		};
		AAF0A6412832F7E600E84330 /* One Step AheadTests */ = {
			isa = PBXNativeTarget;
			buildConfigurationList = AAF0A6592832F7E600E84330 /* Build configuration list for PBXNativeTarget "One Step AheadTests" */;
			buildPhases = (
				AAF0A63E2832F7E600E84330 /* Sources */,
				AAF0A63F2832F7E600E84330 /* Frameworks */,
				AAF0A6402832F7E600E84330 /* Resources */,
			);
			buildRules = (
			);
			dependencies = (
				AAF0A6442832F7E600E84330 /* PBXTargetDependency */,
			);
			name = "One Step AheadTests";
			productName = "One Step AheadTests";
			productReference = AAF0A6422832F7E600E84330 /* One Step AheadTests.xctest */;
			productType = "com.apple.product-type.bundle.unit-test";
		};
		AAF0A64B2832F7E600E84330 /* One Step AheadUITests */ = {
			isa = PBXNativeTarget;
			buildConfigurationList = AAF0A65C2832F7E600E84330 /* Build configuration list for PBXNativeTarget "One Step AheadUITests" */;
			buildPhases = (
				AAF0A6482832F7E600E84330 /* Sources */,
				AAF0A6492832F7E600E84330 /* Frameworks */,
				AAF0A64A2832F7E600E84330 /* Resources */,
			);
			buildRules = (
			);
			dependencies = (
				AAF0A64E2832F7E600E84330 /* PBXTargetDependency */,
			);
			name = "One Step AheadUITests";
			productName = "One Step AheadUITests";
			productReference = AAF0A64C2832F7E600E84330 /* One Step AheadUITests.xctest */;
			productType = "com.apple.product-type.bundle.ui-testing";
		};
/* End PBXNativeTarget section */

/* Begin PBXProject section */
		AAF0A62A2832F7E500E84330 /* Project object */ = {
			isa = PBXProject;
			attributes = {
				BuildIndependentTargetsInParallel = 1;
				LastSwiftUpdateCheck = 1330;
				LastUpgradeCheck = 1330;
				TargetAttributes = {
					AAF0A6312832F7E500E84330 = {
						CreatedOnToolsVersion = 13.3.1;
					};
					AAF0A6412832F7E600E84330 = {
						CreatedOnToolsVersion = 13.3.1;
						TestTargetID = AAF0A6312832F7E500E84330;
					};
					AAF0A64B2832F7E600E84330 = {
						CreatedOnToolsVersion = 13.3.1;
						TestTargetID = AAF0A6312832F7E500E84330;
					};
				};
			};
			buildConfigurationList = AAF0A62D2832F7E500E84330 /* Build configuration list for PBXProject "One Step Ahead" */;
			compatibilityVersion = "Xcode 13.0";
			developmentRegion = en;
			hasScannedForEncodings = 0;
			knownRegions = (
				en,
				Base,
			);
			mainGroup = AAF0A6292832F7E500E84330;
			productRefGroup = AAF0A6332832F7E500E84330 /* Products */;
			projectDirPath = "";
			projectRoot = "";
			targets = (
				AAF0A6312832F7E500E84330 /* One Step Ahead */,
				AAF0A6412832F7E600E84330 /* One Step AheadTests */,
				AAF0A64B2832F7E600E84330 /* One Step AheadUITests */,
			);
		};
/* End PBXProject section */

/* Begin PBXResourcesBuildPhase section */
		AAF0A6302832F7E500E84330 /* Resources */ = {
			isa = PBXResourcesBuildPhase;
			buildActionMask = 2147483647;
			files = (
				AA215EF728341F0100D614DD /* Drawing Judge II.mlmodelc in Resources */,
				AAF0A6852832F9DF00E84330 /* Backstory View Graphics.sks in Resources */,
				AAF0A69A2832F9E600E84330 /* Victory Jingle.mp3 in Resources */,
				AAF0A6982832F9E600E84330 /* Powerup!.mp3 in Resources */,
				AAF0A6832832F9DF00E84330 /* Main Menu Graphics.sks in Resources */,
				AAF0A63A2832F7E600E84330 /* Assets.xcassets in Resources */,
				AAF0A6862832F9DF00E84330 /* Game End View Graphics.sks in Resources */,
				AAC5D7552832FC070056E781 /* Preview Assets.xcassets in Resources */,
				AAC000DF28371D3A00C89FCE /* Gallery View Graphics.sks in Resources */,
				AAF0A6972832F9E600E84330 /* Defeat Jingle.mp3 in Resources */,
				AAF0A6822832F9DF00E84330 /* New Game Menu Graphics.sks in Resources */,
				AAF0A6842832F9DF00E84330 /* Title Screen Graphics.sks in Resources */,
				AAF0A69F2832F9F300E84330 /* README.md in Resources */,
				AA215EF928341FB700D614DD /* Drawing Judge.mlmodelc in Resources */,
				AAF0A6992832F9E600E84330 /* Dun Dun Dun.wav in Resources */,
				AAF0A69B2832F9E600E84330 /* The Big Beat 80s (Spaced).wav in Resources */,
				AAF0A6812832F9DF00E84330 /* Game View Graphics.sks in Resources */,
			);
			runOnlyForDeploymentPostprocessing = 0;
		};
		AAF0A6402832F7E600E84330 /* Resources */ = {
			isa = PBXResourcesBuildPhase;
			buildActionMask = 2147483647;
			files = (
			);
			runOnlyForDeploymentPostprocessing = 0;
		};
		AAF0A64A2832F7E600E84330 /* Resources */ = {
			isa = PBXResourcesBuildPhase;
			buildActionMask = 2147483647;
			files = (
			);
			runOnlyForDeploymentPostprocessing = 0;
		};
/* End PBXResourcesBuildPhase section */

/* Begin PBXSourcesBuildPhase section */
		AAF0A62E2832F7E500E84330 /* Sources */ = {
			isa = PBXSourcesBuildPhase;
			buildActionMask = 2147483647;
			files = (
				AAF0A67D2832F9DF00E84330 /* RotatingSquare.swift in Sources */,
				AAC000E228371EA100C89FCE /* TaskRectangleView.swift in Sources */,
				AAF0A6792832F9DF00E84330 /* ColorServices.swift in Sources */,
				AA82CEFA283B1DD2003FC070 /* VersusGameState.swift in Sources */,
				AAF0A6B32832F9F900E84330 /* AppInfoView.swift in Sources */,
				AAF0A6B62832F9F900E84330 /* BackstoryView.swift in Sources */,
				AAF0A67E2832F9DF00E84330 /* CanvasView.swift in Sources */,
				AAF0A67F2832F9DF00E84330 /* RectangleWrapper.swift in Sources */,
				AAF0A6B12832F9F900E84330 /* GameEndView.swift in Sources */,
				AAF0A67B2832F9DF00E84330 /* MathServices.swift in Sources */,
				AAF0A6882832F9DF00E84330 /* ImagePredictor.swift in Sources */,
				AAC000DD2836BD3B00C89FCE /* ProgressCircleView.swift in Sources */,
				AA82CF01283B20CF003FC070 /* GameCenterMatchmakerView.swift in Sources */,
				AAF0A6B22832F9F900E84330 /* PlayerScoresView.swift in Sources */,
				AAF0A67C2832F9DF00E84330 /* AudioServices.swift in Sources */,
				AAF5228E2839CFA70027E95B /* NewVersusGameMenuView.swift in Sources */,
				AAF0A6B42832F9F900E84330 /* TitleScreenView.swift in Sources */,
				AAC000E428371EC300C89FCE /* TaskDetailView.swift in Sources */,
				AAF0A6B72832F9F900E84330 /* TutorialGameView.swift in Sources */,
				AA82CEFC283B1E4A003FC070 /* VersusPlayerState.swift in Sources */,
				AAF0A6902832F9E200E84330 /* Task.swift in Sources */,
				AAF0A68F2832F9E200E84330 /* GameState.swift in Sources */,
				AAF0A6802832F9DF00E84330 /* HidingServices.swift in Sources */,
				AACF8B23283971F000D9025C /* GameCenterAuthenticationController.swift in Sources */,
				AACF8B252839A68D00D9025C /* GameCenterInfoView.swift in Sources */,
				AADED59E28387B19009558AC /* PracticeView.swift in Sources */,
				AAF0A67A2832F9DF00E84330 /* ImageServices.swift in Sources */,
				AACF8B1E2839627D00D9025C /* SettingsView.swift in Sources */,
				AAF0A6AF2832F9F900E84330 /* MainMenuView.swift in Sources */,
				AACF8B272839B98200D9025C /* GameCenterDashboardView.swift in Sources */,
				AAF0A6B02832F9F900E84330 /* GameView.swift in Sources */,
				AAF0A6B82832F9F900E84330 /* TutorialGameEndView.swift in Sources */,
				AAF0A6782832F9DF00E84330 /* DiskServices.swift in Sources */,
				AAF0A68E2832F9E200E84330 /* Tip.swift in Sources */,
				AAF0A6B52832F9F900E84330 /* NewGameMenuView.swift in Sources */,
				AAF0A69D2832F9EA00E84330 /* MyApp.swift in Sources */,
				AAF0A6892832F9DF00E84330 /* Drawing_Judge_Model.swift in Sources */,
				AAC000DB2836BCBC00C89FCE /* GalleryView.swift in Sources */,
				AAF0A6772832F9DF00E84330 /* MLServices.swift in Sources */,
				AAC000E6283731C400C89FCE /* UserTaskRecords.swift in Sources */,
			);
			runOnlyForDeploymentPostprocessing = 0;
		};
		AAF0A63E2832F7E600E84330 /* Sources */ = {
			isa = PBXSourcesBuildPhase;
			buildActionMask = 2147483647;
			files = (
				AAF0A6472832F7E600E84330 /* One_Step_AheadTests.swift in Sources */,
			);
			runOnlyForDeploymentPostprocessing = 0;
		};
		AAF0A6482832F7E600E84330 /* Sources */ = {
			isa = PBXSourcesBuildPhase;
			buildActionMask = 2147483647;
			files = (
				AAF0A6512832F7E600E84330 /* One_Step_AheadUITests.swift in Sources */,
				AAF0A6532832F7E600E84330 /* One_Step_AheadUITestsLaunchTests.swift in Sources */,
			);
			runOnlyForDeploymentPostprocessing = 0;
		};
/* End PBXSourcesBuildPhase section */

/* Begin PBXTargetDependency section */
		AAF0A6442832F7E600E84330 /* PBXTargetDependency */ = {
			isa = PBXTargetDependency;
			target = AAF0A6312832F7E500E84330 /* One Step Ahead */;
			targetProxy = AAF0A6432832F7E600E84330 /* PBXContainerItemProxy */;
		};
		AAF0A64E2832F7E600E84330 /* PBXTargetDependency */ = {
			isa = PBXTargetDependency;
			target = AAF0A6312832F7E500E84330 /* One Step Ahead */;
			targetProxy = AAF0A64D2832F7E600E84330 /* PBXContainerItemProxy */;
		};
/* End PBXTargetDependency section */

/* Begin XCBuildConfiguration section */
		AAF0A6542832F7E600E84330 /* Debug */ = {
			isa = XCBuildConfiguration;
			buildSettings = {
				ALWAYS_SEARCH_USER_PATHS = NO;
				CLANG_ANALYZER_NONNULL = YES;
				CLANG_ANALYZER_NUMBER_OBJECT_CONVERSION = YES_AGGRESSIVE;
				CLANG_CXX_LANGUAGE_STANDARD = "gnu++17";
				CLANG_ENABLE_MODULES = YES;
				CLANG_ENABLE_OBJC_ARC = YES;
				CLANG_ENABLE_OBJC_WEAK = YES;
				CLANG_WARN_BLOCK_CAPTURE_AUTORELEASING = YES;
				CLANG_WARN_BOOL_CONVERSION = YES;
				CLANG_WARN_COMMA = YES;
				CLANG_WARN_CONSTANT_CONVERSION = YES;
				CLANG_WARN_DEPRECATED_OBJC_IMPLEMENTATIONS = YES;
				CLANG_WARN_DIRECT_OBJC_ISA_USAGE = YES_ERROR;
				CLANG_WARN_DOCUMENTATION_COMMENTS = YES;
				CLANG_WARN_EMPTY_BODY = YES;
				CLANG_WARN_ENUM_CONVERSION = YES;
				CLANG_WARN_INFINITE_RECURSION = YES;
				CLANG_WARN_INT_CONVERSION = YES;
				CLANG_WARN_NON_LITERAL_NULL_CONVERSION = YES;
				CLANG_WARN_OBJC_IMPLICIT_RETAIN_SELF = YES;
				CLANG_WARN_OBJC_LITERAL_CONVERSION = YES;
				CLANG_WARN_OBJC_ROOT_CLASS = YES_ERROR;
				CLANG_WARN_QUOTED_INCLUDE_IN_FRAMEWORK_HEADER = YES;
				CLANG_WARN_RANGE_LOOP_ANALYSIS = YES;
				CLANG_WARN_STRICT_PROTOTYPES = YES;
				CLANG_WARN_SUSPICIOUS_MOVE = YES;
				CLANG_WARN_UNGUARDED_AVAILABILITY = YES_AGGRESSIVE;
				CLANG_WARN_UNREACHABLE_CODE = YES;
				CLANG_WARN__DUPLICATE_METHOD_MATCH = YES;
				COPY_PHASE_STRIP = NO;
				DEBUG_INFORMATION_FORMAT = dwarf;
				ENABLE_STRICT_OBJC_MSGSEND = YES;
				ENABLE_TESTABILITY = YES;
				GCC_C_LANGUAGE_STANDARD = gnu11;
				GCC_DYNAMIC_NO_PIC = NO;
				GCC_NO_COMMON_BLOCKS = YES;
				GCC_OPTIMIZATION_LEVEL = 0;
				GCC_PREPROCESSOR_DEFINITIONS = (
					"DEBUG=1",
					"$(inherited)",
				);
				GCC_WARN_64_TO_32_BIT_CONVERSION = YES;
				GCC_WARN_ABOUT_RETURN_TYPE = YES_ERROR;
				GCC_WARN_UNDECLARED_SELECTOR = YES;
				GCC_WARN_UNINITIALIZED_AUTOS = YES_AGGRESSIVE;
				GCC_WARN_UNUSED_FUNCTION = YES;
				GCC_WARN_UNUSED_VARIABLE = YES;
				IPHONEOS_DEPLOYMENT_TARGET = 15.4;
				MTL_ENABLE_DEBUG_INFO = INCLUDE_SOURCE;
				MTL_FAST_MATH = YES;
				ONLY_ACTIVE_ARCH = YES;
				SDKROOT = iphoneos;
				SWIFT_ACTIVE_COMPILATION_CONDITIONS = DEBUG;
				SWIFT_OPTIMIZATION_LEVEL = "-Onone";
			};
			name = Debug;
		};
		AAF0A6552832F7E600E84330 /* Release */ = {
			isa = XCBuildConfiguration;
			buildSettings = {
				ALWAYS_SEARCH_USER_PATHS = NO;
				CLANG_ANALYZER_NONNULL = YES;
				CLANG_ANALYZER_NUMBER_OBJECT_CONVERSION = YES_AGGRESSIVE;
				CLANG_CXX_LANGUAGE_STANDARD = "gnu++17";
				CLANG_ENABLE_MODULES = YES;
				CLANG_ENABLE_OBJC_ARC = YES;
				CLANG_ENABLE_OBJC_WEAK = YES;
				CLANG_WARN_BLOCK_CAPTURE_AUTORELEASING = YES;
				CLANG_WARN_BOOL_CONVERSION = YES;
				CLANG_WARN_COMMA = YES;
				CLANG_WARN_CONSTANT_CONVERSION = YES;
				CLANG_WARN_DEPRECATED_OBJC_IMPLEMENTATIONS = YES;
				CLANG_WARN_DIRECT_OBJC_ISA_USAGE = YES_ERROR;
				CLANG_WARN_DOCUMENTATION_COMMENTS = YES;
				CLANG_WARN_EMPTY_BODY = YES;
				CLANG_WARN_ENUM_CONVERSION = YES;
				CLANG_WARN_INFINITE_RECURSION = YES;
				CLANG_WARN_INT_CONVERSION = YES;
				CLANG_WARN_NON_LITERAL_NULL_CONVERSION = YES;
				CLANG_WARN_OBJC_IMPLICIT_RETAIN_SELF = YES;
				CLANG_WARN_OBJC_LITERAL_CONVERSION = YES;
				CLANG_WARN_OBJC_ROOT_CLASS = YES_ERROR;
				CLANG_WARN_QUOTED_INCLUDE_IN_FRAMEWORK_HEADER = YES;
				CLANG_WARN_RANGE_LOOP_ANALYSIS = YES;
				CLANG_WARN_STRICT_PROTOTYPES = YES;
				CLANG_WARN_SUSPICIOUS_MOVE = YES;
				CLANG_WARN_UNGUARDED_AVAILABILITY = YES_AGGRESSIVE;
				CLANG_WARN_UNREACHABLE_CODE = YES;
				CLANG_WARN__DUPLICATE_METHOD_MATCH = YES;
				COPY_PHASE_STRIP = NO;
				DEBUG_INFORMATION_FORMAT = "dwarf-with-dsym";
				ENABLE_NS_ASSERTIONS = NO;
				ENABLE_STRICT_OBJC_MSGSEND = YES;
				GCC_C_LANGUAGE_STANDARD = gnu11;
				GCC_NO_COMMON_BLOCKS = YES;
				GCC_WARN_64_TO_32_BIT_CONVERSION = YES;
				GCC_WARN_ABOUT_RETURN_TYPE = YES_ERROR;
				GCC_WARN_UNDECLARED_SELECTOR = YES;
				GCC_WARN_UNINITIALIZED_AUTOS = YES_AGGRESSIVE;
				GCC_WARN_UNUSED_FUNCTION = YES;
				GCC_WARN_UNUSED_VARIABLE = YES;
				IPHONEOS_DEPLOYMENT_TARGET = 15.4;
				MTL_ENABLE_DEBUG_INFO = NO;
				MTL_FAST_MATH = YES;
				SDKROOT = iphoneos;
				SWIFT_COMPILATION_MODE = wholemodule;
				SWIFT_OPTIMIZATION_LEVEL = "-O";
				VALIDATE_PRODUCT = YES;
			};
			name = Release;
		};
		AAF0A6572832F7E600E84330 /* Debug */ = {
			isa = XCBuildConfiguration;
			buildSettings = {
				ASSETCATALOG_COMPILER_APPICON_NAME = AppIcon;
				ASSETCATALOG_COMPILER_GLOBAL_ACCENT_COLOR_NAME = AccentColor;
				CODE_SIGN_STYLE = Automatic;
				CURRENT_PROJECT_VERSION = 1;
				DEVELOPMENT_ASSET_PATHS = "\"One Step Ahead/Preview Content\"";
				DEVELOPMENT_TEAM = GUDZ7ALN9J;
				ENABLE_PREVIEWS = YES;
				GENERATE_INFOPLIST_FILE = YES;
				INFOPLIST_FILE = "One-Step-Ahead-Info.plist";
				INFOPLIST_KEY_UIApplicationSupportsIndirectInputEvents = YES;
				INFOPLIST_KEY_UILaunchScreen_Generation = YES;
				INFOPLIST_KEY_UIRequiredDeviceCapabilities = gamekit;
				INFOPLIST_KEY_UIRequiresFullScreen = YES;
				INFOPLIST_KEY_UISupportedInterfaceOrientations_iPad = "UIInterfaceOrientationLandscapeLeft UIInterfaceOrientationLandscapeRight";
				INFOPLIST_KEY_UISupportedInterfaceOrientations_iPhone = "UIInterfaceOrientationPortrait UIInterfaceOrientationLandscapeLeft UIInterfaceOrientationLandscapeRight";
				INFOPLIST_KEY_UIUserInterfaceStyle = Dark;
				LD_RUNPATH_SEARCH_PATHS = (
					"$(inherited)",
					"@executable_path/Frameworks",
				);
				MARKETING_VERSION = 1.1;
				PRODUCT_BUNDLE_IDENTIFIER = "Ethan-Marshall.One-Step-Ahead";
				PRODUCT_NAME = "$(TARGET_NAME)";
				SWIFT_EMIT_LOC_STRINGS = YES;
				SWIFT_VERSION = 5.0;
				TARGETED_DEVICE_FAMILY = 2;
			};
			name = Debug;
		};
		AAF0A6582832F7E600E84330 /* Release */ = {
			isa = XCBuildConfiguration;
			buildSettings = {
				ASSETCATALOG_COMPILER_APPICON_NAME = AppIcon;
				ASSETCATALOG_COMPILER_GLOBAL_ACCENT_COLOR_NAME = AccentColor;
				CODE_SIGN_STYLE = Automatic;
				CURRENT_PROJECT_VERSION = 1;
				DEVELOPMENT_ASSET_PATHS = "\"One Step Ahead/Preview Content\"";
				DEVELOPMENT_TEAM = GUDZ7ALN9J;
				ENABLE_PREVIEWS = YES;
				GENERATE_INFOPLIST_FILE = YES;
				INFOPLIST_FILE = "One-Step-Ahead-Info.plist";
				INFOPLIST_KEY_UIApplicationSupportsIndirectInputEvents = YES;
				INFOPLIST_KEY_UILaunchScreen_Generation = YES;
				INFOPLIST_KEY_UIRequiredDeviceCapabilities = gamekit;
				INFOPLIST_KEY_UIRequiresFullScreen = YES;
				INFOPLIST_KEY_UISupportedInterfaceOrientations_iPad = "UIInterfaceOrientationLandscapeLeft UIInterfaceOrientationLandscapeRight";
				INFOPLIST_KEY_UISupportedInterfaceOrientations_iPhone = "UIInterfaceOrientationPortrait UIInterfaceOrientationLandscapeLeft UIInterfaceOrientationLandscapeRight";
				INFOPLIST_KEY_UIUserInterfaceStyle = Dark;
				LD_RUNPATH_SEARCH_PATHS = (
					"$(inherited)",
					"@executable_path/Frameworks",
				);
				MARKETING_VERSION = 1.1;
				PRODUCT_BUNDLE_IDENTIFIER = "Ethan-Marshall.One-Step-Ahead";
				PRODUCT_NAME = "$(TARGET_NAME)";
				SWIFT_EMIT_LOC_STRINGS = YES;
				SWIFT_VERSION = 5.0;
				TARGETED_DEVICE_FAMILY = 2;
			};
			name = Release;
		};
		AAF0A65A2832F7E600E84330 /* Debug */ = {
			isa = XCBuildConfiguration;
			buildSettings = {
				ALWAYS_EMBED_SWIFT_STANDARD_LIBRARIES = YES;
				BUNDLE_LOADER = "$(TEST_HOST)";
				CODE_SIGN_STYLE = Automatic;
				CURRENT_PROJECT_VERSION = 1;
				DEVELOPMENT_TEAM = GUDZ7ALN9J;
				GENERATE_INFOPLIST_FILE = YES;
				IPHONEOS_DEPLOYMENT_TARGET = 15.4;
				MARKETING_VERSION = 1.0;
				PRODUCT_BUNDLE_IDENTIFIER = "Ethan.One-Step-AheadTests";
				PRODUCT_NAME = "$(TARGET_NAME)";
				SWIFT_EMIT_LOC_STRINGS = NO;
				SWIFT_VERSION = 5.0;
				TARGETED_DEVICE_FAMILY = "1,2";
				TEST_HOST = "$(BUILT_PRODUCTS_DIR)/One Step Ahead.app/One Step Ahead";
			};
			name = Debug;
		};
		AAF0A65B2832F7E600E84330 /* Release */ = {
			isa = XCBuildConfiguration;
			buildSettings = {
				ALWAYS_EMBED_SWIFT_STANDARD_LIBRARIES = YES;
				BUNDLE_LOADER = "$(TEST_HOST)";
				CODE_SIGN_STYLE = Automatic;
				CURRENT_PROJECT_VERSION = 1;
				DEVELOPMENT_TEAM = GUDZ7ALN9J;
				GENERATE_INFOPLIST_FILE = YES;
				IPHONEOS_DEPLOYMENT_TARGET = 15.4;
				MARKETING_VERSION = 1.0;
				PRODUCT_BUNDLE_IDENTIFIER = "Ethan.One-Step-AheadTests";
				PRODUCT_NAME = "$(TARGET_NAME)";
				SWIFT_EMIT_LOC_STRINGS = NO;
				SWIFT_VERSION = 5.0;
				TARGETED_DEVICE_FAMILY = "1,2";
				TEST_HOST = "$(BUILT_PRODUCTS_DIR)/One Step Ahead.app/One Step Ahead";
			};
			name = Release;
		};
		AAF0A65D2832F7E600E84330 /* Debug */ = {
			isa = XCBuildConfiguration;
			buildSettings = {
				ALWAYS_EMBED_SWIFT_STANDARD_LIBRARIES = YES;
				CODE_SIGN_STYLE = Automatic;
				CURRENT_PROJECT_VERSION = 1;
				DEVELOPMENT_TEAM = GUDZ7ALN9J;
				GENERATE_INFOPLIST_FILE = YES;
				MARKETING_VERSION = 1.0;
				PRODUCT_BUNDLE_IDENTIFIER = "Ethan.One-Step-AheadUITests";
				PRODUCT_NAME = "$(TARGET_NAME)";
				SWIFT_EMIT_LOC_STRINGS = NO;
				SWIFT_VERSION = 5.0;
				TARGETED_DEVICE_FAMILY = "1,2";
				TEST_TARGET_NAME = "One Step Ahead";
			};
			name = Debug;
		};
		AAF0A65E2832F7E600E84330 /* Release */ = {
			isa = XCBuildConfiguration;
			buildSettings = {
				ALWAYS_EMBED_SWIFT_STANDARD_LIBRARIES = YES;
				CODE_SIGN_STYLE = Automatic;
				CURRENT_PROJECT_VERSION = 1;
				DEVELOPMENT_TEAM = GUDZ7ALN9J;
				GENERATE_INFOPLIST_FILE = YES;
				MARKETING_VERSION = 1.0;
				PRODUCT_BUNDLE_IDENTIFIER = "Ethan.One-Step-AheadUITests";
				PRODUCT_NAME = "$(TARGET_NAME)";
				SWIFT_EMIT_LOC_STRINGS = NO;
				SWIFT_VERSION = 5.0;
				TARGETED_DEVICE_FAMILY = "1,2";
				TEST_TARGET_NAME = "One Step Ahead";
			};
			name = Release;
		};
/* End XCBuildConfiguration section */

/* Begin XCConfigurationList section */
		AAF0A62D2832F7E500E84330 /* Build configuration list for PBXProject "One Step Ahead" */ = {
			isa = XCConfigurationList;
			buildConfigurations = (
				AAF0A6542832F7E600E84330 /* Debug */,
				AAF0A6552832F7E600E84330 /* Release */,
			);
			defaultConfigurationIsVisible = 0;
			defaultConfigurationName = Release;
		};
		AAF0A6562832F7E600E84330 /* Build configuration list for PBXNativeTarget "One Step Ahead" */ = {
			isa = XCConfigurationList;
			buildConfigurations = (
				AAF0A6572832F7E600E84330 /* Debug */,
				AAF0A6582832F7E600E84330 /* Release */,
			);
			defaultConfigurationIsVisible = 0;
			defaultConfigurationName = Release;
		};
		AAF0A6592832F7E600E84330 /* Build configuration list for PBXNativeTarget "One Step AheadTests" */ = {
			isa = XCConfigurationList;
			buildConfigurations = (
				AAF0A65A2832F7E600E84330 /* Debug */,
				AAF0A65B2832F7E600E84330 /* Release */,
			);
			defaultConfigurationIsVisible = 0;
			defaultConfigurationName = Release;
		};
		AAF0A65C2832F7E600E84330 /* Build configuration list for PBXNativeTarget "One Step AheadUITests" */ = {
			isa = XCConfigurationList;
			buildConfigurations = (
				AAF0A65D2832F7E600E84330 /* Debug */,
				AAF0A65E2832F7E600E84330 /* Release */,
			);
			defaultConfigurationIsVisible = 0;
			defaultConfigurationName = Release;
		};
/* End XCConfigurationList section */
	};
	rootObject = AAF0A62A2832F7E500E84330 /* Project object */;
}
