// !$*UTF8*$!
{
	archiveVersion = 1;
	classes = {
	};
	objectVersion = 55;
	objects = {

/* Begin PBXBuildFile section */
		AAF0A5A62832F0CB00E84330 /* One_Step_AheadApp.swift in Sources */ = {isa = PBXBuildFile; fileRef = AAF0A5A52832F0CB00E84330 /* One_Step_AheadApp.swift */; };
		AAF0A5A82832F0CB00E84330 /* ContentView.swift in Sources */ = {isa = PBXBuildFile; fileRef = AAF0A5A72832F0CB00E84330 /* ContentView.swift */; };
		AAF0A5AA2832F0CB00E84330 /* Assets.xcassets in Resources */ = {isa = PBXBuildFile; fileRef = AAF0A5A92832F0CB00E84330 /* Assets.xcassets */; };
		AAF0A5AD2832F0CB00E84330 /* Preview Assets.xcassets in Resources */ = {isa = PBXBuildFile; fileRef = AAF0A5AC2832F0CB00E84330 /* Preview Assets.xcassets */; };
		AAF0A5B72832F0CB00E84330 /* One_Step_AheadTests.swift in Sources */ = {isa = PBXBuildFile; fileRef = AAF0A5B62832F0CB00E84330 /* One_Step_AheadTests.swift */; };
		AAF0A5C12832F0CB00E84330 /* One_Step_AheadUITests.swift in Sources */ = {isa = PBXBuildFile; fileRef = AAF0A5C02832F0CB00E84330 /* One_Step_AheadUITests.swift */; };
		AAF0A5C32832F0CB00E84330 /* One_Step_AheadUITestsLaunchTests.swift in Sources */ = {isa = PBXBuildFile; fileRef = AAF0A5C22832F0CB00E84330 /* One_Step_AheadUITestsLaunchTests.swift */; };
/* End PBXBuildFile section */

/* Begin PBXContainerItemProxy section */
		AAF0A5B32832F0CB00E84330 /* PBXContainerItemProxy */ = {
			isa = PBXContainerItemProxy;
			containerPortal = AAF0A59A2832F0CB00E84330 /* Project object */;
			proxyType = 1;
			remoteGlobalIDString = AAF0A5A12832F0CB00E84330;
			remoteInfo = "One Step Ahead";
		};
		AAF0A5BD2832F0CB00E84330 /* PBXContainerItemProxy */ = {
			isa = PBXContainerItemProxy;
			containerPortal = AAF0A59A2832F0CB00E84330 /* Project object */;
			proxyType = 1;
			remoteGlobalIDString = AAF0A5A12832F0CB00E84330;
			remoteInfo = "One Step Ahead";
		};
/* End PBXContainerItemProxy section */

/* Begin PBXFileReference section */
		AAF0A5A22832F0CB00E84330 /* One Step Ahead.app */ = {isa = PBXFileReference; explicitFileType = wrapper.application; includeInIndex = 0; path = "One Step Ahead.app"; sourceTree = BUILT_PRODUCTS_DIR; };
		AAF0A5A52832F0CB00E84330 /* One_Step_AheadApp.swift */ = {isa = PBXFileReference; lastKnownFileType = sourcecode.swift; path = One_Step_AheadApp.swift; sourceTree = "<group>"; };
		AAF0A5A72832F0CB00E84330 /* ContentView.swift */ = {isa = PBXFileReference; lastKnownFileType = sourcecode.swift; path = ContentView.swift; sourceTree = "<group>"; };
		AAF0A5A92832F0CB00E84330 /* Assets.xcassets */ = {isa = PBXFileReference; lastKnownFileType = folder.assetcatalog; path = Assets.xcassets; sourceTree = "<group>"; };
		AAF0A5AC2832F0CB00E84330 /* Preview Assets.xcassets */ = {isa = PBXFileReference; lastKnownFileType = folder.assetcatalog; path = "Preview Assets.xcassets"; sourceTree = "<group>"; };
		AAF0A5B22832F0CB00E84330 /* One Step AheadTests.xctest */ = {isa = PBXFileReference; explicitFileType = wrapper.cfbundle; includeInIndex = 0; path = "One Step AheadTests.xctest"; sourceTree = BUILT_PRODUCTS_DIR; };
		AAF0A5B62832F0CB00E84330 /* One_Step_AheadTests.swift */ = {isa = PBXFileReference; lastKnownFileType = sourcecode.swift; path = One_Step_AheadTests.swift; sourceTree = "<group>"; };
		AAF0A5BC2832F0CB00E84330 /* One Step AheadUITests.xctest */ = {isa = PBXFileReference; explicitFileType = wrapper.cfbundle; includeInIndex = 0; path = "One Step AheadUITests.xctest"; sourceTree = BUILT_PRODUCTS_DIR; };
		AAF0A5C02832F0CB00E84330 /* One_Step_AheadUITests.swift */ = {isa = PBXFileReference; lastKnownFileType = sourcecode.swift; path = One_Step_AheadUITests.swift; sourceTree = "<group>"; };
		AAF0A5C22832F0CB00E84330 /* One_Step_AheadUITestsLaunchTests.swift */ = {isa = PBXFileReference; lastKnownFileType = sourcecode.swift; path = One_Step_AheadUITestsLaunchTests.swift; sourceTree = "<group>"; };
/* End PBXFileReference section */

/* Begin PBXFrameworksBuildPhase section */
		AAF0A59F2832F0CB00E84330 /* Frameworks */ = {
			isa = PBXFrameworksBuildPhase;
			buildActionMask = 2147483647;
			files = (
			);
			runOnlyForDeploymentPostprocessing = 0;
		};
		AAF0A5AF2832F0CB00E84330 /* Frameworks */ = {
			isa = PBXFrameworksBuildPhase;
			buildActionMask = 2147483647;
			files = (
			);
			runOnlyForDeploymentPostprocessing = 0;
		};
		AAF0A5B92832F0CB00E84330 /* Frameworks */ = {
			isa = PBXFrameworksBuildPhase;
			buildActionMask = 2147483647;
			files = (
			);
			runOnlyForDeploymentPostprocessing = 0;
		};
/* End PBXFrameworksBuildPhase section */

/* Begin PBXGroup section */
		AAF0A5992832F0CB00E84330 = {
			isa = PBXGroup;
			children = (
				AAF0A5A42832F0CB00E84330 /* One Step Ahead */,
				AAF0A5B52832F0CB00E84330 /* One Step AheadTests */,
				AAF0A5BF2832F0CB00E84330 /* One Step AheadUITests */,
				AAF0A5A32832F0CB00E84330 /* Products */,
			);
			sourceTree = "<group>";
		};
		AAF0A5A32832F0CB00E84330 /* Products */ = {
			isa = PBXGroup;
			children = (
				AAF0A5A22832F0CB00E84330 /* One Step Ahead.app */,
				AAF0A5B22832F0CB00E84330 /* One Step AheadTests.xctest */,
				AAF0A5BC2832F0CB00E84330 /* One Step AheadUITests.xctest */,
			);
			name = Products;
			sourceTree = "<group>";
		};
		AAF0A5A42832F0CB00E84330 /* One Step Ahead */ = {
			isa = PBXGroup;
			children = (
				AAF0A5A52832F0CB00E84330 /* One_Step_AheadApp.swift */,
				AAF0A5A72832F0CB00E84330 /* ContentView.swift */,
				AAF0A5A92832F0CB00E84330 /* Assets.xcassets */,
				AAF0A5AB2832F0CB00E84330 /* Preview Content */,
			);
			path = "One Step Ahead";
			sourceTree = "<group>";
		};
		AAF0A5AB2832F0CB00E84330 /* Preview Content */ = {
			isa = PBXGroup;
			children = (
				AAF0A5AC2832F0CB00E84330 /* Preview Assets.xcassets */,
			);
			path = "Preview Content";
			sourceTree = "<group>";
		};
		AAF0A5B52832F0CB00E84330 /* One Step AheadTests */ = {
			isa = PBXGroup;
			children = (
				AAF0A5B62832F0CB00E84330 /* One_Step_AheadTests.swift */,
			);
			path = "One Step AheadTests";
			sourceTree = "<group>";
		};
		AAF0A5BF2832F0CB00E84330 /* One Step AheadUITests */ = {
			isa = PBXGroup;
			children = (
				AAF0A5C02832F0CB00E84330 /* One_Step_AheadUITests.swift */,
				AAF0A5C22832F0CB00E84330 /* One_Step_AheadUITestsLaunchTests.swift */,
			);
			path = "One Step AheadUITests";
			sourceTree = "<group>";
		};
/* End PBXGroup section */

/* Begin PBXNativeTarget section */
		AAF0A5A12832F0CB00E84330 /* One Step Ahead */ = {
			isa = PBXNativeTarget;
			buildConfigurationList = AAF0A5C62832F0CB00E84330 /* Build configuration list for PBXNativeTarget "One Step Ahead" */;
			buildPhases = (
				AAF0A59E2832F0CB00E84330 /* Sources */,
				AAF0A59F2832F0CB00E84330 /* Frameworks */,
				AAF0A5A02832F0CB00E84330 /* Resources */,
			);
			buildRules = (
			);
			dependencies = (
			);
			name = "One Step Ahead";
			productName = "One Step Ahead";
			productReference = AAF0A5A22832F0CB00E84330 /* One Step Ahead.app */;
			productType = "com.apple.product-type.application";
		};
		AAF0A5B12832F0CB00E84330 /* One Step AheadTests */ = {
			isa = PBXNativeTarget;
			buildConfigurationList = AAF0A5C92832F0CB00E84330 /* Build configuration list for PBXNativeTarget "One Step AheadTests" */;
			buildPhases = (
				AAF0A5AE2832F0CB00E84330 /* Sources */,
				AAF0A5AF2832F0CB00E84330 /* Frameworks */,
				AAF0A5B02832F0CB00E84330 /* Resources */,
			);
			buildRules = (
			);
			dependencies = (
				AAF0A5B42832F0CB00E84330 /* PBXTargetDependency */,
			);
			name = "One Step AheadTests";
			productName = "One Step AheadTests";
			productReference = AAF0A5B22832F0CB00E84330 /* One Step AheadTests.xctest */;
			productType = "com.apple.product-type.bundle.unit-test";
		};
		AAF0A5BB2832F0CB00E84330 /* One Step AheadUITests */ = {
			isa = PBXNativeTarget;
			buildConfigurationList = AAF0A5CC2832F0CB00E84330 /* Build configuration list for PBXNativeTarget "One Step AheadUITests" */;
			buildPhases = (
				AAF0A5B82832F0CB00E84330 /* Sources */,
				AAF0A5B92832F0CB00E84330 /* Frameworks */,
				AAF0A5BA2832F0CB00E84330 /* Resources */,
			);
			buildRules = (
			);
			dependencies = (
				AAF0A5BE2832F0CB00E84330 /* PBXTargetDependency */,
			);
			name = "One Step AheadUITests";
			productName = "One Step AheadUITests";
			productReference = AAF0A5BC2832F0CB00E84330 /* One Step AheadUITests.xctest */;
			productType = "com.apple.product-type.bundle.ui-testing";
		};
/* End PBXNativeTarget section */

/* Begin PBXProject section */
		AAF0A59A2832F0CB00E84330 /* Project object */ = {
			isa = PBXProject;
			attributes = {
				BuildIndependentTargetsInParallel = 1;
				LastSwiftUpdateCheck = 1330;
				LastUpgradeCheck = 1330;
				TargetAttributes = {
					AAF0A5A12832F0CB00E84330 = {
						CreatedOnToolsVersion = 13.3.1;
					};
					AAF0A5B12832F0CB00E84330 = {
						CreatedOnToolsVersion = 13.3.1;
						TestTargetID = AAF0A5A12832F0CB00E84330;
					};
					AAF0A5BB2832F0CB00E84330 = {
						CreatedOnToolsVersion = 13.3.1;
						TestTargetID = AAF0A5A12832F0CB00E84330;
					};
				};
			};
			buildConfigurationList = AAF0A59D2832F0CB00E84330 /* Build configuration list for PBXProject "One Step Ahead" */;
			compatibilityVersion = "Xcode 13.0";
			developmentRegion = en;
			hasScannedForEncodings = 0;
			knownRegions = (
				en,
				Base,
			);
			mainGroup = AAF0A5992832F0CB00E84330;
			productRefGroup = AAF0A5A32832F0CB00E84330 /* Products */;
			projectDirPath = "";
			projectRoot = "";
			targets = (
				AAF0A5A12832F0CB00E84330 /* One Step Ahead */,
				AAF0A5B12832F0CB00E84330 /* One Step AheadTests */,
				AAF0A5BB2832F0CB00E84330 /* One Step AheadUITests */,
			);
		};
/* End PBXProject section */

/* Begin PBXResourcesBuildPhase section */
		AAF0A5A02832F0CB00E84330 /* Resources */ = {
			isa = PBXResourcesBuildPhase;
			buildActionMask = 2147483647;
			files = (
				AAF0A5AD2832F0CB00E84330 /* Preview Assets.xcassets in Resources */,
				AAF0A5AA2832F0CB00E84330 /* Assets.xcassets in Resources */,
			);
			runOnlyForDeploymentPostprocessing = 0;
		};
		AAF0A5B02832F0CB00E84330 /* Resources */ = {
			isa = PBXResourcesBuildPhase;
			buildActionMask = 2147483647;
			files = (
			);
			runOnlyForDeploymentPostprocessing = 0;
		};
		AAF0A5BA2832F0CB00E84330 /* Resources */ = {
			isa = PBXResourcesBuildPhase;
			buildActionMask = 2147483647;
			files = (
			);
			runOnlyForDeploymentPostprocessing = 0;
		};
/* End PBXResourcesBuildPhase section */

/* Begin PBXSourcesBuildPhase section */
		AAF0A59E2832F0CB00E84330 /* Sources */ = {
			isa = PBXSourcesBuildPhase;
			buildActionMask = 2147483647;
			files = (
				AAF0A5A82832F0CB00E84330 /* ContentView.swift in Sources */,
				AAF0A5A62832F0CB00E84330 /* One_Step_AheadApp.swift in Sources */,
			);
			runOnlyForDeploymentPostprocessing = 0;
		};
		AAF0A5AE2832F0CB00E84330 /* Sources */ = {
			isa = PBXSourcesBuildPhase;
			buildActionMask = 2147483647;
			files = (
				AAF0A5B72832F0CB00E84330 /* One_Step_AheadTests.swift in Sources */,
			);
			runOnlyForDeploymentPostprocessing = 0;
		};
		AAF0A5B82832F0CB00E84330 /* Sources */ = {
			isa = PBXSourcesBuildPhase;
			buildActionMask = 2147483647;
			files = (
				AAF0A5C12832F0CB00E84330 /* One_Step_AheadUITests.swift in Sources */,
				AAF0A5C32832F0CB00E84330 /* One_Step_AheadUITestsLaunchTests.swift in Sources */,
			);
			runOnlyForDeploymentPostprocessing = 0;
		};
/* End PBXSourcesBuildPhase section */

/* Begin PBXTargetDependency section */
		AAF0A5B42832F0CB00E84330 /* PBXTargetDependency */ = {
			isa = PBXTargetDependency;
			target = AAF0A5A12832F0CB00E84330 /* One Step Ahead */;
			targetProxy = AAF0A5B32832F0CB00E84330 /* PBXContainerItemProxy */;
		};
		AAF0A5BE2832F0CB00E84330 /* PBXTargetDependency */ = {
			isa = PBXTargetDependency;
			target = AAF0A5A12832F0CB00E84330 /* One Step Ahead */;
			targetProxy = AAF0A5BD2832F0CB00E84330 /* PBXContainerItemProxy */;
		};
/* End PBXTargetDependency section */

/* Begin XCBuildConfiguration section */
		AAF0A5C42832F0CB00E84330 /* Debug */ = {
			isa = XCBuildConfiguration;
			buildSettings = {
				ALWAYS_SEARCH_USER_PATHS = NO;
				CLANG_ANALYZER_NONNULL = YES;
				CLANG_ANALYZER_NUMBER_OBJECT_CONVERSION = YES_AGGRESSIVE;
				CLANG_CXX_LANGUAGE_STANDARD = "gnu++17";
				CLANG_ENABLE_MODULES = YES;
				CLANG_ENABLE_OBJC_ARC = YES;
				CLANG_ENABLE_OBJC_WEAK = YES;
				CLANG_WARN_BLOCK_CAPTURE_AUTORELEASING = YES;
				CLANG_WARN_BOOL_CONVERSION = YES;
				CLANG_WARN_COMMA = YES;
				CLANG_WARN_CONSTANT_CONVERSION = YES;
				CLANG_WARN_DEPRECATED_OBJC_IMPLEMENTATIONS = YES;
				CLANG_WARN_DIRECT_OBJC_ISA_USAGE = YES_ERROR;
				CLANG_WARN_DOCUMENTATION_COMMENTS = YES;
				CLANG_WARN_EMPTY_BODY = YES;
				CLANG_WARN_ENUM_CONVERSION = YES;
				CLANG_WARN_INFINITE_RECURSION = YES;
				CLANG_WARN_INT_CONVERSION = YES;
				CLANG_WARN_NON_LITERAL_NULL_CONVERSION = YES;
				CLANG_WARN_OBJC_IMPLICIT_RETAIN_SELF = YES;
				CLANG_WARN_OBJC_LITERAL_CONVERSION = YES;
				CLANG_WARN_OBJC_ROOT_CLASS = YES_ERROR;
				CLANG_WARN_QUOTED_INCLUDE_IN_FRAMEWORK_HEADER = YES;
				CLANG_WARN_RANGE_LOOP_ANALYSIS = YES;
				CLANG_WARN_STRICT_PROTOTYPES = YES;
				CLANG_WARN_SUSPICIOUS_MOVE = YES;
				CLANG_WARN_UNGUARDED_AVAILABILITY = YES_AGGRESSIVE;
				CLANG_WARN_UNREACHABLE_CODE = YES;
				CLANG_WARN__DUPLICATE_METHOD_MATCH = YES;
				COPY_PHASE_STRIP = NO;
				DEBUG_INFORMATION_FORMAT = dwarf;
				ENABLE_STRICT_OBJC_MSGSEND = YES;
				ENABLE_TESTABILITY = YES;
				GCC_C_LANGUAGE_STANDARD = gnu11;
				GCC_DYNAMIC_NO_PIC = NO;
				GCC_NO_COMMON_BLOCKS = YES;
				GCC_OPTIMIZATION_LEVEL = 0;
				GCC_PREPROCESSOR_DEFINITIONS = (
					"DEBUG=1",
					"$(inherited)",
				);
				GCC_WARN_64_TO_32_BIT_CONVERSION = YES;
				GCC_WARN_ABOUT_RETURN_TYPE = YES_ERROR;
				GCC_WARN_UNDECLARED_SELECTOR = YES;
				GCC_WARN_UNINITIALIZED_AUTOS = YES_AGGRESSIVE;
				GCC_WARN_UNUSED_FUNCTION = YES;
				GCC_WARN_UNUSED_VARIABLE = YES;
				IPHONEOS_DEPLOYMENT_TARGET = 15.4;
				MTL_ENABLE_DEBUG_INFO = INCLUDE_SOURCE;
				MTL_FAST_MATH = YES;
				ONLY_ACTIVE_ARCH = YES;
				SDKROOT = iphoneos;
				SWIFT_ACTIVE_COMPILATION_CONDITIONS = DEBUG;
				SWIFT_OPTIMIZATION_LEVEL = "-Onone";
			};
			name = Debug;
		};
		AAF0A5C52832F0CB00E84330 /* Release */ = {
			isa = XCBuildConfiguration;
			buildSettings = {
				ALWAYS_SEARCH_USER_PATHS = NO;
				CLANG_ANALYZER_NONNULL = YES;
				CLANG_ANALYZER_NUMBER_OBJECT_CONVERSION = YES_AGGRESSIVE;
				CLANG_CXX_LANGUAGE_STANDARD = "gnu++17";
				CLANG_ENABLE_MODULES = YES;
				CLANG_ENABLE_OBJC_ARC = YES;
				CLANG_ENABLE_OBJC_WEAK = YES;
				CLANG_WARN_BLOCK_CAPTURE_AUTORELEASING = YES;
				CLANG_WARN_BOOL_CONVERSION = YES;
				CLANG_WARN_COMMA = YES;
				CLANG_WARN_CONSTANT_CONVERSION = YES;
				CLANG_WARN_DEPRECATED_OBJC_IMPLEMENTATIONS = YES;
				CLANG_WARN_DIRECT_OBJC_ISA_USAGE = YES_ERROR;
				CLANG_WARN_DOCUMENTATION_COMMENTS = YES;
				CLANG_WARN_EMPTY_BODY = YES;
				CLANG_WARN_ENUM_CONVERSION = YES;
				CLANG_WARN_INFINITE_RECURSION = YES;
				CLANG_WARN_INT_CONVERSION = YES;
				CLANG_WARN_NON_LITERAL_NULL_CONVERSION = YES;
				CLANG_WARN_OBJC_IMPLICIT_RETAIN_SELF = YES;
				CLANG_WARN_OBJC_LITERAL_CONVERSION = YES;
				CLANG_WARN_OBJC_ROOT_CLASS = YES_ERROR;
				CLANG_WARN_QUOTED_INCLUDE_IN_FRAMEWORK_HEADER = YES;
				CLANG_WARN_RANGE_LOOP_ANALYSIS = YES;
				CLANG_WARN_STRICT_PROTOTYPES = YES;
				CLANG_WARN_SUSPICIOUS_MOVE = YES;
				CLANG_WARN_UNGUARDED_AVAILABILITY = YES_AGGRESSIVE;
				CLANG_WARN_UNREACHABLE_CODE = YES;
				CLANG_WARN__DUPLICATE_METHOD_MATCH = YES;
				COPY_PHASE_STRIP = NO;
				DEBUG_INFORMATION_FORMAT = "dwarf-with-dsym";
				ENABLE_NS_ASSERTIONS = NO;
				ENABLE_STRICT_OBJC_MSGSEND = YES;
				GCC_C_LANGUAGE_STANDARD = gnu11;
				GCC_NO_COMMON_BLOCKS = YES;
				GCC_WARN_64_TO_32_BIT_CONVERSION = YES;
				GCC_WARN_ABOUT_RETURN_TYPE = YES_ERROR;
				GCC_WARN_UNDECLARED_SELECTOR = YES;
				GCC_WARN_UNINITIALIZED_AUTOS = YES_AGGRESSIVE;
				GCC_WARN_UNUSED_FUNCTION = YES;
				GCC_WARN_UNUSED_VARIABLE = YES;
				IPHONEOS_DEPLOYMENT_TARGET = 15.4;
				MTL_ENABLE_DEBUG_INFO = NO;
				MTL_FAST_MATH = YES;
				SDKROOT = iphoneos;
				SWIFT_COMPILATION_MODE = wholemodule;
				SWIFT_OPTIMIZATION_LEVEL = "-O";
				VALIDATE_PRODUCT = YES;
			};
			name = Release;
		};
		AAF0A5C72832F0CB00E84330 /* Debug */ = {
			isa = XCBuildConfiguration;
			buildSettings = {
				ASSETCATALOG_COMPILER_APPICON_NAME = AppIcon;
				ASSETCATALOG_COMPILER_GLOBAL_ACCENT_COLOR_NAME = AccentColor;
				CODE_SIGN_STYLE = Automatic;
				CURRENT_PROJECT_VERSION = 1;
				DEVELOPMENT_ASSET_PATHS = "\"One Step Ahead/Preview Content\"";
				DEVELOPMENT_TEAM = GUDZ7ALN9J;
				ENABLE_PREVIEWS = YES;
				GENERATE_INFOPLIST_FILE = YES;
				INFOPLIST_KEY_UIApplicationSceneManifest_Generation = YES;
				INFOPLIST_KEY_UIApplicationSupportsIndirectInputEvents = YES;
				INFOPLIST_KEY_UILaunchScreen_Generation = YES;
				INFOPLIST_KEY_UISupportedInterfaceOrientations_iPad = "UIInterfaceOrientationPortrait UIInterfaceOrientationPortraitUpsideDown UIInterfaceOrientationLandscapeLeft UIInterfaceOrientationLandscapeRight";
				INFOPLIST_KEY_UISupportedInterfaceOrientations_iPhone = "UIInterfaceOrientationPortrait UIInterfaceOrientationLandscapeLeft UIInterfaceOrientationLandscapeRight";
				LD_RUNPATH_SEARCH_PATHS = (
					"$(inherited)",
					"@executable_path/Frameworks",
				);
				MARKETING_VERSION = 1.0;
				PRODUCT_BUNDLE_IDENTIFIER = "Ethan.One-Step-Ahead";
				PRODUCT_NAME = "$(TARGET_NAME)";
				SWIFT_EMIT_LOC_STRINGS = YES;
				SWIFT_VERSION = 5.0;
				TARGETED_DEVICE_FAMILY = "1,2";
			};
			name = Debug;
		};
		AAF0A5C82832F0CB00E84330 /* Release */ = {
			isa = XCBuildConfiguration;
			buildSettings = {
				ASSETCATALOG_COMPILER_APPICON_NAME = AppIcon;
				ASSETCATALOG_COMPILER_GLOBAL_ACCENT_COLOR_NAME = AccentColor;
				CODE_SIGN_STYLE = Automatic;
				CURRENT_PROJECT_VERSION = 1;
				DEVELOPMENT_ASSET_PATHS = "\"One Step Ahead/Preview Content\"";
				DEVELOPMENT_TEAM = GUDZ7ALN9J;
				ENABLE_PREVIEWS = YES;
				GENERATE_INFOPLIST_FILE = YES;
				INFOPLIST_KEY_UIApplicationSceneManifest_Generation = YES;
				INFOPLIST_KEY_UIApplicationSupportsIndirectInputEvents = YES;
				INFOPLIST_KEY_UILaunchScreen_Generation = YES;
				INFOPLIST_KEY_UISupportedInterfaceOrientations_iPad = "UIInterfaceOrientationPortrait UIInterfaceOrientationPortraitUpsideDown UIInterfaceOrientationLandscapeLeft UIInterfaceOrientationLandscapeRight";
				INFOPLIST_KEY_UISupportedInterfaceOrientations_iPhone = "UIInterfaceOrientationPortrait UIInterfaceOrientationLandscapeLeft UIInterfaceOrientationLandscapeRight";
				LD_RUNPATH_SEARCH_PATHS = (
					"$(inherited)",
					"@executable_path/Frameworks",
				);
				MARKETING_VERSION = 1.0;
				PRODUCT_BUNDLE_IDENTIFIER = "Ethan.One-Step-Ahead";
				PRODUCT_NAME = "$(TARGET_NAME)";
				SWIFT_EMIT_LOC_STRINGS = YES;
				SWIFT_VERSION = 5.0;
				TARGETED_DEVICE_FAMILY = "1,2";
			};
			name = Release;
		};
		AAF0A5CA2832F0CB00E84330 /* Debug */ = {
			isa = XCBuildConfiguration;
			buildSettings = {
				ALWAYS_EMBED_SWIFT_STANDARD_LIBRARIES = YES;
				BUNDLE_LOADER = "$(TEST_HOST)";
				CODE_SIGN_STYLE = Automatic;
				CURRENT_PROJECT_VERSION = 1;
				DEVELOPMENT_TEAM = GUDZ7ALN9J;
				GENERATE_INFOPLIST_FILE = YES;
				IPHONEOS_DEPLOYMENT_TARGET = 15.4;
				MARKETING_VERSION = 1.0;
				PRODUCT_BUNDLE_IDENTIFIER = "Ethan.One-Step-AheadTests";
				PRODUCT_NAME = "$(TARGET_NAME)";
				SWIFT_EMIT_LOC_STRINGS = NO;
				SWIFT_VERSION = 5.0;
				TARGETED_DEVICE_FAMILY = "1,2";
				TEST_HOST = "$(BUILT_PRODUCTS_DIR)/One Step Ahead.app/One Step Ahead";
			};
			name = Debug;
		};
		AAF0A5CB2832F0CB00E84330 /* Release */ = {
			isa = XCBuildConfiguration;
			buildSettings = {
				ALWAYS_EMBED_SWIFT_STANDARD_LIBRARIES = YES;
				BUNDLE_LOADER = "$(TEST_HOST)";
				CODE_SIGN_STYLE = Automatic;
				CURRENT_PROJECT_VERSION = 1;
				DEVELOPMENT_TEAM = GUDZ7ALN9J;
				GENERATE_INFOPLIST_FILE = YES;
				IPHONEOS_DEPLOYMENT_TARGET = 15.4;
				MARKETING_VERSION = 1.0;
				PRODUCT_BUNDLE_IDENTIFIER = "Ethan.One-Step-AheadTests";
				PRODUCT_NAME = "$(TARGET_NAME)";
				SWIFT_EMIT_LOC_STRINGS = NO;
				SWIFT_VERSION = 5.0;
				TARGETED_DEVICE_FAMILY = "1,2";
				TEST_HOST = "$(BUILT_PRODUCTS_DIR)/One Step Ahead.app/One Step Ahead";
			};
			name = Release;
		};
		AAF0A5CD2832F0CB00E84330 /* Debug */ = {
			isa = XCBuildConfiguration;
			buildSettings = {
				ALWAYS_EMBED_SWIFT_STANDARD_LIBRARIES = YES;
				CODE_SIGN_STYLE = Automatic;
				CURRENT_PROJECT_VERSION = 1;
				DEVELOPMENT_TEAM = GUDZ7ALN9J;
				GENERATE_INFOPLIST_FILE = YES;
				MARKETING_VERSION = 1.0;
				PRODUCT_BUNDLE_IDENTIFIER = "Ethan.One-Step-AheadUITests";
				PRODUCT_NAME = "$(TARGET_NAME)";
				SWIFT_EMIT_LOC_STRINGS = NO;
				SWIFT_VERSION = 5.0;
				TARGETED_DEVICE_FAMILY = "1,2";
				TEST_TARGET_NAME = "One Step Ahead";
			};
			name = Debug;
		};
		AAF0A5CE2832F0CB00E84330 /* Release */ = {
			isa = XCBuildConfiguration;
			buildSettings = {
				ALWAYS_EMBED_SWIFT_STANDARD_LIBRARIES = YES;
				CODE_SIGN_STYLE = Automatic;
				CURRENT_PROJECT_VERSION = 1;
				DEVELOPMENT_TEAM = GUDZ7ALN9J;
				GENERATE_INFOPLIST_FILE = YES;
				MARKETING_VERSION = 1.0;
				PRODUCT_BUNDLE_IDENTIFIER = "Ethan.One-Step-AheadUITests";
				PRODUCT_NAME = "$(TARGET_NAME)";
				SWIFT_EMIT_LOC_STRINGS = NO;
				SWIFT_VERSION = 5.0;
				TARGETED_DEVICE_FAMILY = "1,2";
				TEST_TARGET_NAME = "One Step Ahead";
			};
			name = Release;
		};
/* End XCBuildConfiguration section */

/* Begin XCConfigurationList section */
		AAF0A59D2832F0CB00E84330 /* Build configuration list for PBXProject "One Step Ahead" */ = {
			isa = XCConfigurationList;
			buildConfigurations = (
				AAF0A5C42832F0CB00E84330 /* Debug */,
				AAF0A5C52832F0CB00E84330 /* Release */,
			);
			defaultConfigurationIsVisible = 0;
			defaultConfigurationName = Release;
		};
		AAF0A5C62832F0CB00E84330 /* Build configuration list for PBXNativeTarget "One Step Ahead" */ = {
			isa = XCConfigurationList;
			buildConfigurations = (
				AAF0A5C72832F0CB00E84330 /* Debug */,
				AAF0A5C82832F0CB00E84330 /* Release */,
			);
			defaultConfigurationIsVisible = 0;
			defaultConfigurationName = Release;
		};
		AAF0A5C92832F0CB00E84330 /* Build configuration list for PBXNativeTarget "One Step AheadTests" */ = {
			isa = XCConfigurationList;
			buildConfigurations = (
				AAF0A5CA2832F0CB00E84330 /* Debug */,
				AAF0A5CB2832F0CB00E84330 /* Release */,
			);
			defaultConfigurationIsVisible = 0;
			defaultConfigurationName = Release;
		};
		AAF0A5CC2832F0CB00E84330 /* Build configuration list for PBXNativeTarget "One Step AheadUITests" */ = {
			isa = XCConfigurationList;
			buildConfigurations = (
				AAF0A5CD2832F0CB00E84330 /* Debug */,
				AAF0A5CE2832F0CB00E84330 /* Release */,
			);
			defaultConfigurationIsVisible = 0;
			defaultConfigurationName = Release;
		};
/* End XCConfigurationList section */
	};
	rootObject = AAF0A59A2832F0CB00E84330 /* Project object */;
}
